// !$*UTF8*$!
{
	archiveVersion = 1;
	classes = {
	};
	objectVersion = 56;
	objects = {

/* Begin PBXBuildFile section */
		C87623E62ED3BBCC007895EE /* FeedViewSearchAdapter.swift in Sources */ = {isa = PBXBuildFile; fileRef = C87623E52ED3BBCC007895EE /* FeedViewSearchAdapter.swift */; };
		C8AE8FAD2ECD07770043DA0A /* Assets.xcassets in Resources */ = {isa = PBXBuildFile; fileRef = C8AE8FA42ECD07770043DA0A /* Assets.xcassets */; };
		C8AE8FAE2ECD07770043DA0A /* Preview Assets.xcassets in Resources */ = {isa = PBXBuildFile; fileRef = C8AE8FA62ECD07770043DA0A /* Preview Assets.xcassets */; };
		C8AE8FAF2ECD07770043DA0A /* MovieDBAppApp.swift in Sources */ = {isa = PBXBuildFile; fileRef = C8AE8FA72ECD07770043DA0A /* MovieDBAppApp.swift */; };
		C8AE8FB32ECD07D30043DA0A /* MovieDBAppTests.swift in Sources */ = {isa = PBXBuildFile; fileRef = C8AE8FA22ECD07770043DA0A /* MovieDBAppTests.swift */; };
		C8BAC9462ECFB66E00285940 /* MoviesFeed.framework in Frameworks */ = {isa = PBXBuildFile; fileRef = C8BAC9452ECFB66E00285940 /* MoviesFeed.framework */; };
		C8BAC9482ECFB66E00285940 /* MoviesFeediOS.framework in Frameworks */ = {isa = PBXBuildFile; fileRef = C8BAC9472ECFB66E00285940 /* MoviesFeediOS.framework */; };
		C8BAC95F2ED21C9300285940 /* LoadResourcePresentationAdapter.swift in Sources */ = {isa = PBXBuildFile; fileRef = C8BAC95E2ED21C9300285940 /* LoadResourcePresentationAdapter.swift */; };
		C8BAC96C2ED21DEA00285940 /* CombineHelpers.swift in Sources */ = {isa = PBXBuildFile; fileRef = C8BAC96B2ED21DEA00285940 /* CombineHelpers.swift */; };
		C8BAC96E2ED21EEC00285940 /* FeedViewAdapter.swift in Sources */ = {isa = PBXBuildFile; fileRef = C8BAC96D2ED21EEC00285940 /* FeedViewAdapter.swift */; };
		C8BAC9722ED2206600285940 /* WeakRefVirtualProxy.swift in Sources */ = {isa = PBXBuildFile; fileRef = C8BAC9712ED2206600285940 /* WeakRefVirtualProxy.swift */; };
		C8BAC9852ED2522200285940 /* CompositionRoot.swift in Sources */ = {isa = PBXBuildFile; fileRef = C8BAC9842ED2522200285940 /* CompositionRoot.swift */; };
/* End PBXBuildFile section */

/* Begin PBXContainerItemProxy section */
		C8AE8F2E2ECCFD510043DA0A /* PBXContainerItemProxy */ = {
			isa = PBXContainerItemProxy;
			containerPortal = C8AE8F152ECCFD500043DA0A /* Project object */;
			proxyType = 1;
			remoteGlobalIDString = C8AE8F1C2ECCFD500043DA0A;
			remoteInfo = MovieDBApp;
		};
/* End PBXContainerItemProxy section */

/* Begin PBXFileReference section */
		C87623E52ED3BBCC007895EE /* FeedViewSearchAdapter.swift */ = {isa = PBXFileReference; lastKnownFileType = sourcecode.swift; path = FeedViewSearchAdapter.swift; sourceTree = "<group>"; };
		C8AE8F1D2ECCFD500043DA0A /* MovieDBApp.app */ = {isa = PBXFileReference; explicitFileType = wrapper.application; includeInIndex = 0; path = MovieDBApp.app; sourceTree = BUILT_PRODUCTS_DIR; };
		C8AE8F2D2ECCFD510043DA0A /* MovieDBAppTests.xctest */ = {isa = PBXFileReference; explicitFileType = wrapper.cfbundle; includeInIndex = 0; path = MovieDBAppTests.xctest; sourceTree = BUILT_PRODUCTS_DIR; };
		C8AE8FA22ECD07770043DA0A /* MovieDBAppTests.swift */ = {isa = PBXFileReference; fileEncoding = 4; lastKnownFileType = sourcecode.swift; path = MovieDBAppTests.swift; sourceTree = "<group>"; };
		C8AE8FA42ECD07770043DA0A /* Assets.xcassets */ = {isa = PBXFileReference; lastKnownFileType = folder.assetcatalog; path = Assets.xcassets; sourceTree = "<group>"; };
		C8AE8FA62ECD07770043DA0A /* Preview Assets.xcassets */ = {isa = PBXFileReference; lastKnownFileType = folder.assetcatalog; path = "Preview Assets.xcassets"; sourceTree = "<group>"; };
		C8AE8FA72ECD07770043DA0A /* MovieDBAppApp.swift */ = {isa = PBXFileReference; fileEncoding = 4; lastKnownFileType = sourcecode.swift; path = MovieDBAppApp.swift; sourceTree = "<group>"; };
		C8AE8FF92ECFA7F30043DA0A /* MoviesFeed.framework */ = {isa = PBXFileReference; explicitFileType = wrapper.framework; path = MoviesFeed.framework; sourceTree = BUILT_PRODUCTS_DIR; };
		C8AE8FFB2ECFA7F30043DA0A /* MoviesFeediOS.framework */ = {isa = PBXFileReference; explicitFileType = wrapper.framework; path = MoviesFeediOS.framework; sourceTree = BUILT_PRODUCTS_DIR; };
		C8BAC9452ECFB66E00285940 /* MoviesFeed.framework */ = {isa = PBXFileReference; explicitFileType = wrapper.framework; path = MoviesFeed.framework; sourceTree = BUILT_PRODUCTS_DIR; };
		C8BAC9472ECFB66E00285940 /* MoviesFeediOS.framework */ = {isa = PBXFileReference; explicitFileType = wrapper.framework; path = MoviesFeediOS.framework; sourceTree = BUILT_PRODUCTS_DIR; };
		C8BAC95E2ED21C9300285940 /* LoadResourcePresentationAdapter.swift */ = {isa = PBXFileReference; lastKnownFileType = sourcecode.swift; path = LoadResourcePresentationAdapter.swift; sourceTree = "<group>"; };
		C8BAC96B2ED21DEA00285940 /* CombineHelpers.swift */ = {isa = PBXFileReference; lastKnownFileType = sourcecode.swift; path = CombineHelpers.swift; sourceTree = "<group>"; };
		C8BAC96D2ED21EEC00285940 /* FeedViewAdapter.swift */ = {isa = PBXFileReference; lastKnownFileType = sourcecode.swift; path = FeedViewAdapter.swift; sourceTree = "<group>"; };
		C8BAC9712ED2206600285940 /* WeakRefVirtualProxy.swift */ = {isa = PBXFileReference; lastKnownFileType = sourcecode.swift; path = WeakRefVirtualProxy.swift; sourceTree = "<group>"; };
		C8BAC9842ED2522200285940 /* CompositionRoot.swift */ = {isa = PBXFileReference; lastKnownFileType = sourcecode.swift; path = CompositionRoot.swift; sourceTree = "<group>"; };
/* End PBXFileReference section */

/* Begin PBXFrameworksBuildPhase section */
		C8AE8F1A2ECCFD500043DA0A /* Frameworks */ = {
			isa = PBXFrameworksBuildPhase;
			buildActionMask = 2147483647;
			files = (
				C8BAC9462ECFB66E00285940 /* MoviesFeed.framework in Frameworks */,
				C8BAC9482ECFB66E00285940 /* MoviesFeediOS.framework in Frameworks */,
			);
			runOnlyForDeploymentPostprocessing = 0;
		};
		C8AE8F2A2ECCFD510043DA0A /* Frameworks */ = {
			isa = PBXFrameworksBuildPhase;
			buildActionMask = 2147483647;
			files = (
			);
			runOnlyForDeploymentPostprocessing = 0;
		};
/* End PBXFrameworksBuildPhase section */

/* Begin PBXGroup section */
		C87623EB2ED3D598007895EE /* CompositionRoot */ = {
			isa = PBXGroup;
			children = (
				C8BAC9842ED2522200285940 /* CompositionRoot.swift */,
			);
			path = CompositionRoot;
			sourceTree = "<group>";
		};
		C8AE8F142ECCFD500043DA0A = {
			isa = PBXGroup;
			children = (
				C8AE8FA32ECD07770043DA0A /* MovieDBApp */,
				C8AE8FA12ECD07770043DA0A /* MovieDBAppTests */,
				C8AE8F1E2ECCFD500043DA0A /* Products */,
				C8AE8FF82ECFA7F30043DA0A /* Frameworks */,
			);
			sourceTree = "<group>";
		};
		C8AE8F1E2ECCFD500043DA0A /* Products */ = {
			isa = PBXGroup;
			children = (
				C8AE8F1D2ECCFD500043DA0A /* MovieDBApp.app */,
				C8AE8F2D2ECCFD510043DA0A /* MovieDBAppTests.xctest */,
			);
			name = Products;
			sourceTree = "<group>";
		};
		C8AE8FA12ECD07770043DA0A /* MovieDBAppTests */ = {
			isa = PBXGroup;
			children = (
				C8AE8FA22ECD07770043DA0A /* MovieDBAppTests.swift */,
			);
			path = MovieDBAppTests;
			sourceTree = "<group>";
		};
		C8AE8FA32ECD07770043DA0A /* MovieDBApp */ = {
			isa = PBXGroup;
			children = (
				C8AE8FA42ECD07770043DA0A /* Assets.xcassets */,
				C8AE8FA52ECD07770043DA0A /* Preview Content */,
				C8AE8FA72ECD07770043DA0A /* MovieDBAppApp.swift */,
				C8BAC95E2ED21C9300285940 /* LoadResourcePresentationAdapter.swift */,
				C8BAC96B2ED21DEA00285940 /* CombineHelpers.swift */,
				C8BAC96D2ED21EEC00285940 /* FeedViewAdapter.swift */,
				C8BAC9712ED2206600285940 /* WeakRefVirtualProxy.swift */,
				C87623E52ED3BBCC007895EE /* FeedViewSearchAdapter.swift */,
			);
			path = MovieDBApp;
			sourceTree = "<group>";
		};
		C8AE8FA52ECD07770043DA0A /* Preview Content */ = {
			isa = PBXGroup;
			children = (
				C87623EB2ED3D598007895EE /* CompositionRoot */,
				C8AE8FA62ECD07770043DA0A /* Preview Assets.xcassets */,
			);
			path = "Preview Content";
			sourceTree = "<group>";
		};
		C8AE8FF82ECFA7F30043DA0A /* Frameworks */ = {
			isa = PBXGroup;
			children = (
				C8BAC9452ECFB66E00285940 /* MoviesFeed.framework */,
				C8BAC9472ECFB66E00285940 /* MoviesFeediOS.framework */,
				C8AE8FF92ECFA7F30043DA0A /* MoviesFeed.framework */,
				C8AE8FFB2ECFA7F30043DA0A /* MoviesFeediOS.framework */,
			);
			name = Frameworks;
			sourceTree = "<group>";
		};
/* End PBXGroup section */

/* Begin PBXNativeTarget section */
		C8AE8F1C2ECCFD500043DA0A /* MovieDBApp */ = {
			isa = PBXNativeTarget;
			buildConfigurationList = C8AE8F412ECCFD510043DA0A /* Build configuration list for PBXNativeTarget "MovieDBApp" */;
			buildPhases = (
				C8AE8F192ECCFD500043DA0A /* Sources */,
				C8AE8F1A2ECCFD500043DA0A /* Frameworks */,
				C8AE8F1B2ECCFD500043DA0A /* Resources */,
			);
			buildRules = (
			);
			dependencies = (
			);
			name = MovieDBApp;
			productName = MovieDBApp;
			productReference = C8AE8F1D2ECCFD500043DA0A /* MovieDBApp.app */;
			productType = "com.apple.product-type.application";
		};
		C8AE8F2C2ECCFD510043DA0A /* MovieDBAppTests */ = {
			isa = PBXNativeTarget;
			buildConfigurationList = C8AE8F442ECCFD510043DA0A /* Build configuration list for PBXNativeTarget "MovieDBAppTests" */;
			buildPhases = (
				C8AE8F292ECCFD510043DA0A /* Sources */,
				C8AE8F2A2ECCFD510043DA0A /* Frameworks */,
				C8AE8F2B2ECCFD510043DA0A /* Resources */,
			);
			buildRules = (
			);
			dependencies = (
				C8AE8F2F2ECCFD510043DA0A /* PBXTargetDependency */,
			);
			name = MovieDBAppTests;
			productName = MovieDBAppTests;
			productReference = C8AE8F2D2ECCFD510043DA0A /* MovieDBAppTests.xctest */;
			productType = "com.apple.product-type.bundle.unit-test";
		};
/* End PBXNativeTarget section */

/* Begin PBXProject section */
		C8AE8F152ECCFD500043DA0A /* Project object */ = {
			isa = PBXProject;
			attributes = {
				BuildIndependentTargetsInParallel = 1;
				LastSwiftUpdateCheck = 1520;
				LastUpgradeCheck = 1520;
				TargetAttributes = {
					C8AE8F1C2ECCFD500043DA0A = {
						CreatedOnToolsVersion = 15.2;
					};
					C8AE8F2C2ECCFD510043DA0A = {
						CreatedOnToolsVersion = 15.2;
						TestTargetID = C8AE8F1C2ECCFD500043DA0A;
					};
				};
			};
			buildConfigurationList = C8AE8F182ECCFD500043DA0A /* Build configuration list for PBXProject "MovieDBApp" */;
			compatibilityVersion = "Xcode 14.0";
			developmentRegion = en;
			hasScannedForEncodings = 0;
			knownRegions = (
				en,
				Base,
			);
			mainGroup = C8AE8F142ECCFD500043DA0A;
			productRefGroup = C8AE8F1E2ECCFD500043DA0A /* Products */;
			projectDirPath = "";
			projectRoot = "";
			targets = (
				C8AE8F1C2ECCFD500043DA0A /* MovieDBApp */,
				C8AE8F2C2ECCFD510043DA0A /* MovieDBAppTests */,
			);
		};
/* End PBXProject section */

/* Begin PBXResourcesBuildPhase section */
		C8AE8F1B2ECCFD500043DA0A /* Resources */ = {
			isa = PBXResourcesBuildPhase;
			buildActionMask = 2147483647;
			files = (
				C8AE8FAE2ECD07770043DA0A /* Preview Assets.xcassets in Resources */,
				C8AE8FAD2ECD07770043DA0A /* Assets.xcassets in Resources */,
			);
			runOnlyForDeploymentPostprocessing = 0;
		};
		C8AE8F2B2ECCFD510043DA0A /* Resources */ = {
			isa = PBXResourcesBuildPhase;
			buildActionMask = 2147483647;
			files = (
			);
			runOnlyForDeploymentPostprocessing = 0;
		};
/* End PBXResourcesBuildPhase section */

/* Begin PBXSourcesBuildPhase section */
		C8AE8F192ECCFD500043DA0A /* Sources */ = {
			isa = PBXSourcesBuildPhase;
			buildActionMask = 2147483647;
			files = (
				C8BAC96E2ED21EEC00285940 /* FeedViewAdapter.swift in Sources */,
				C8AE8FAF2ECD07770043DA0A /* MovieDBAppApp.swift in Sources */,
				C8BAC9722ED2206600285940 /* WeakRefVirtualProxy.swift in Sources */,
				C8BAC95F2ED21C9300285940 /* LoadResourcePresentationAdapter.swift in Sources */,
				C8BAC96C2ED21DEA00285940 /* CombineHelpers.swift in Sources */,
				C8BAC9852ED2522200285940 /* CompositionRoot.swift in Sources */,
				C87623E62ED3BBCC007895EE /* FeedViewSearchAdapter.swift in Sources */,
			);
			runOnlyForDeploymentPostprocessing = 0;
		};
		C8AE8F292ECCFD510043DA0A /* Sources */ = {
			isa = PBXSourcesBuildPhase;
			buildActionMask = 2147483647;
			files = (
				C8AE8FB32ECD07D30043DA0A /* MovieDBAppTests.swift in Sources */,
			);
			runOnlyForDeploymentPostprocessing = 0;
		};
/* End PBXSourcesBuildPhase section */

/* Begin PBXTargetDependency section */
		C8AE8F2F2ECCFD510043DA0A /* PBXTargetDependency */ = {
			isa = PBXTargetDependency;
			target = C8AE8F1C2ECCFD500043DA0A /* MovieDBApp */;
			targetProxy = C8AE8F2E2ECCFD510043DA0A /* PBXContainerItemProxy */;
		};
/* End PBXTargetDependency section */

/* Begin XCBuildConfiguration section */
		C8AE8F3F2ECCFD510043DA0A /* Debug */ = {
			isa = XCBuildConfiguration;
			buildSettings = {
				ALWAYS_SEARCH_USER_PATHS = NO;
				ASSETCATALOG_COMPILER_GENERATE_SWIFT_ASSET_SYMBOL_EXTENSIONS = YES;
				CLANG_ANALYZER_NONNULL = YES;
				CLANG_ANALYZER_NUMBER_OBJECT_CONVERSION = YES_AGGRESSIVE;
				CLANG_CXX_LANGUAGE_STANDARD = "gnu++20";
				CLANG_ENABLE_MODULES = YES;
				CLANG_ENABLE_OBJC_ARC = YES;
				CLANG_ENABLE_OBJC_WEAK = YES;
				CLANG_WARN_BLOCK_CAPTURE_AUTORELEASING = YES;
				CLANG_WARN_BOOL_CONVERSION = YES;
				CLANG_WARN_COMMA = YES;
				CLANG_WARN_CONSTANT_CONVERSION = YES;
				CLANG_WARN_DEPRECATED_OBJC_IMPLEMENTATIONS = YES;
				CLANG_WARN_DIRECT_OBJC_ISA_USAGE = YES_ERROR;
				CLANG_WARN_DOCUMENTATION_COMMENTS = YES;
				CLANG_WARN_EMPTY_BODY = YES;
				CLANG_WARN_ENUM_CONVERSION = YES;
				CLANG_WARN_INFINITE_RECURSION = YES;
				CLANG_WARN_INT_CONVERSION = YES;
				CLANG_WARN_NON_LITERAL_NULL_CONVERSION = YES;
				CLANG_WARN_OBJC_IMPLICIT_RETAIN_SELF = YES;
				CLANG_WARN_OBJC_LITERAL_CONVERSION = YES;
				CLANG_WARN_OBJC_ROOT_CLASS = YES_ERROR;
				CLANG_WARN_QUOTED_INCLUDE_IN_FRAMEWORK_HEADER = YES;
				CLANG_WARN_RANGE_LOOP_ANALYSIS = YES;
				CLANG_WARN_STRICT_PROTOTYPES = YES;
				CLANG_WARN_SUSPICIOUS_MOVE = YES;
				CLANG_WARN_UNGUARDED_AVAILABILITY = YES_AGGRESSIVE;
				CLANG_WARN_UNREACHABLE_CODE = YES;
				CLANG_WARN__DUPLICATE_METHOD_MATCH = YES;
				COPY_PHASE_STRIP = NO;
				DEBUG_INFORMATION_FORMAT = dwarf;
				ENABLE_STRICT_OBJC_MSGSEND = YES;
				ENABLE_TESTABILITY = YES;
				ENABLE_USER_SCRIPT_SANDBOXING = YES;
				GCC_C_LANGUAGE_STANDARD = gnu17;
				GCC_DYNAMIC_NO_PIC = NO;
				GCC_NO_COMMON_BLOCKS = YES;
				GCC_OPTIMIZATION_LEVEL = 0;
				GCC_PREPROCESSOR_DEFINITIONS = (
					"DEBUG=1",
					"$(inherited)",
				);
				GCC_WARN_64_TO_32_BIT_CONVERSION = YES;
				GCC_WARN_ABOUT_RETURN_TYPE = YES_ERROR;
				GCC_WARN_UNDECLARED_SELECTOR = YES;
				GCC_WARN_UNINITIALIZED_AUTOS = YES_AGGRESSIVE;
				GCC_WARN_UNUSED_FUNCTION = YES;
				GCC_WARN_UNUSED_VARIABLE = YES;
				IPHONEOS_DEPLOYMENT_TARGET = 17.2;
				LOCALIZATION_PREFERS_STRING_CATALOGS = YES;
				MTL_ENABLE_DEBUG_INFO = INCLUDE_SOURCE;
				MTL_FAST_MATH = YES;
				ONLY_ACTIVE_ARCH = YES;
				SDKROOT = iphoneos;
				SWIFT_ACTIVE_COMPILATION_CONDITIONS = "DEBUG $(inherited)";
				SWIFT_OPTIMIZATION_LEVEL = "-Onone";
			};
			name = Debug;
		};
		C8AE8F402ECCFD510043DA0A /* Release */ = {
			isa = XCBuildConfiguration;
			buildSettings = {
				ALWAYS_SEARCH_USER_PATHS = NO;
				ASSETCATALOG_COMPILER_GENERATE_SWIFT_ASSET_SYMBOL_EXTENSIONS = YES;
				CLANG_ANALYZER_NONNULL = YES;
				CLANG_ANALYZER_NUMBER_OBJECT_CONVERSION = YES_AGGRESSIVE;
				CLANG_CXX_LANGUAGE_STANDARD = "gnu++20";
				CLANG_ENABLE_MODULES = YES;
				CLANG_ENABLE_OBJC_ARC = YES;
				CLANG_ENABLE_OBJC_WEAK = YES;
				CLANG_WARN_BLOCK_CAPTURE_AUTORELEASING = YES;
				CLANG_WARN_BOOL_CONVERSION = YES;
				CLANG_WARN_COMMA = YES;
				CLANG_WARN_CONSTANT_CONVERSION = YES;
				CLANG_WARN_DEPRECATED_OBJC_IMPLEMENTATIONS = YES;
				CLANG_WARN_DIRECT_OBJC_ISA_USAGE = YES_ERROR;
				CLANG_WARN_DOCUMENTATION_COMMENTS = YES;
				CLANG_WARN_EMPTY_BODY = YES;
				CLANG_WARN_ENUM_CONVERSION = YES;
				CLANG_WARN_INFINITE_RECURSION = YES;
				CLANG_WARN_INT_CONVERSION = YES;
				CLANG_WARN_NON_LITERAL_NULL_CONVERSION = YES;
				CLANG_WARN_OBJC_IMPLICIT_RETAIN_SELF = YES;
				CLANG_WARN_OBJC_LITERAL_CONVERSION = YES;
				CLANG_WARN_OBJC_ROOT_CLASS = YES_ERROR;
				CLANG_WARN_QUOTED_INCLUDE_IN_FRAMEWORK_HEADER = YES;
				CLANG_WARN_RANGE_LOOP_ANALYSIS = YES;
				CLANG_WARN_STRICT_PROTOTYPES = YES;
				CLANG_WARN_SUSPICIOUS_MOVE = YES;
				CLANG_WARN_UNGUARDED_AVAILABILITY = YES_AGGRESSIVE;
				CLANG_WARN_UNREACHABLE_CODE = YES;
				CLANG_WARN__DUPLICATE_METHOD_MATCH = YES;
				COPY_PHASE_STRIP = NO;
				DEBUG_INFORMATION_FORMAT = "dwarf-with-dsym";
				ENABLE_NS_ASSERTIONS = NO;
				ENABLE_STRICT_OBJC_MSGSEND = YES;
				ENABLE_USER_SCRIPT_SANDBOXING = YES;
				GCC_C_LANGUAGE_STANDARD = gnu17;
				GCC_NO_COMMON_BLOCKS = YES;
				GCC_WARN_64_TO_32_BIT_CONVERSION = YES;
				GCC_WARN_ABOUT_RETURN_TYPE = YES_ERROR;
				GCC_WARN_UNDECLARED_SELECTOR = YES;
				GCC_WARN_UNINITIALIZED_AUTOS = YES_AGGRESSIVE;
				GCC_WARN_UNUSED_FUNCTION = YES;
				GCC_WARN_UNUSED_VARIABLE = YES;
				IPHONEOS_DEPLOYMENT_TARGET = 17.2;
				LOCALIZATION_PREFERS_STRING_CATALOGS = YES;
				MTL_ENABLE_DEBUG_INFO = NO;
				MTL_FAST_MATH = YES;
				SDKROOT = iphoneos;
				SWIFT_COMPILATION_MODE = wholemodule;
				VALIDATE_PRODUCT = YES;
			};
			name = Release;
		};
		C8AE8F422ECCFD510043DA0A /* Debug */ = {
			isa = XCBuildConfiguration;
			buildSettings = {
				ASSETCATALOG_COMPILER_APPICON_NAME = AppIcon;
				ASSETCATALOG_COMPILER_GLOBAL_ACCENT_COLOR_NAME = AccentColor;
				CODE_SIGN_STYLE = Automatic;
				CURRENT_PROJECT_VERSION = 1;
				DEVELOPMENT_ASSET_PATHS = "\"MovieDBApp/Preview Content\"";
				DEVELOPMENT_TEAM = 9D83MC32AG;
				ENABLE_PREVIEWS = YES;
				GENERATE_INFOPLIST_FILE = YES;
				INFOPLIST_KEY_UIApplicationSceneManifest_Generation = YES;
				INFOPLIST_KEY_UIApplicationSupportsIndirectInputEvents = YES;
				INFOPLIST_KEY_UILaunchScreen_Generation = YES;
				INFOPLIST_KEY_UISupportedInterfaceOrientations_iPad = "UIInterfaceOrientationPortrait UIInterfaceOrientationPortraitUpsideDown UIInterfaceOrientationLandscapeLeft UIInterfaceOrientationLandscapeRight";
				INFOPLIST_KEY_UISupportedInterfaceOrientations_iPhone = "UIInterfaceOrientationPortrait UIInterfaceOrientationLandscapeLeft UIInterfaceOrientationLandscapeRight";
				LD_RUNPATH_SEARCH_PATHS = (
					"$(inherited)",
					"@executable_path/Frameworks",
				);
				MARKETING_VERSION = 1.0;
				PRODUCT_BUNDLE_IDENTIFIER = any.identifier.MovieDBApp;
				PRODUCT_NAME = "$(TARGET_NAME)";
				SUPPORTED_PLATFORMS = "iphoneos iphonesimulator";
				SUPPORTS_MACCATALYST = NO;
				SUPPORTS_XR_DESIGNED_FOR_IPHONE_IPAD = NO;
				SWIFT_EMIT_LOC_STRINGS = YES;
				SWIFT_VERSION = 5.0;
				TARGETED_DEVICE_FAMILY = 1;
			};
			name = Debug;
		};
		C8AE8F432ECCFD510043DA0A /* Release */ = {
			isa = XCBuildConfiguration;
			buildSettings = {
				ASSETCATALOG_COMPILER_APPICON_NAME = AppIcon;
				ASSETCATALOG_COMPILER_GLOBAL_ACCENT_COLOR_NAME = AccentColor;
				CODE_SIGN_STYLE = Automatic;
				CURRENT_PROJECT_VERSION = 1;
				DEVELOPMENT_ASSET_PATHS = "\"MovieDBApp/Preview Content\"";
				DEVELOPMENT_TEAM = 9D83MC32AG;
				ENABLE_PREVIEWS = YES;
				GENERATE_INFOPLIST_FILE = YES;
				INFOPLIST_KEY_UIApplicationSceneManifest_Generation = YES;
				INFOPLIST_KEY_UIApplicationSupportsIndirectInputEvents = YES;
				INFOPLIST_KEY_UILaunchScreen_Generation = YES;
				INFOPLIST_KEY_UISupportedInterfaceOrientations_iPad = "UIInterfaceOrientationPortrait UIInterfaceOrientationPortraitUpsideDown UIInterfaceOrientationLandscapeLeft UIInterfaceOrientationLandscapeRight";
				INFOPLIST_KEY_UISupportedInterfaceOrientations_iPhone = "UIInterfaceOrientationPortrait UIInterfaceOrientationLandscapeLeft UIInterfaceOrientationLandscapeRight";
				LD_RUNPATH_SEARCH_PATHS = (
					"$(inherited)",
					"@executable_path/Frameworks",
				);
				MARKETING_VERSION = 1.0;
				PRODUCT_BUNDLE_IDENTIFIER = any.identifier.MovieDBApp;
				PRODUCT_NAME = "$(TARGET_NAME)";
				SUPPORTED_PLATFORMS = "iphoneos iphonesimulator";
				SUPPORTS_MACCATALYST = NO;
				SUPPORTS_XR_DESIGNED_FOR_IPHONE_IPAD = NO;
				SWIFT_EMIT_LOC_STRINGS = YES;
				SWIFT_VERSION = 5.0;
				TARGETED_DEVICE_FAMILY = 1;
			};
			name = Release;
		};
		C8AE8F452ECCFD510043DA0A /* Debug */ = {
			isa = XCBuildConfiguration;
			buildSettings = {
				ALWAYS_EMBED_SWIFT_STANDARD_LIBRARIES = YES;
				BUNDLE_LOADER = "$(TEST_HOST)";
				CODE_SIGN_STYLE = Automatic;
				CURRENT_PROJECT_VERSION = 1;
				DEVELOPMENT_TEAM = 9D83MC32AG;
				GENERATE_INFOPLIST_FILE = YES;
				IPHONEOS_DEPLOYMENT_TARGET = 17.2;
				MARKETING_VERSION = 1.0;
				PRODUCT_BUNDLE_IDENTIFIER = any.identifier.MovieDBAppTests;
				PRODUCT_NAME = "$(TARGET_NAME)";
				SWIFT_EMIT_LOC_STRINGS = NO;
				SWIFT_VERSION = 5.0;
				TARGETED_DEVICE_FAMILY = "1,2";
				TEST_HOST = "$(BUILT_PRODUCTS_DIR)/MovieDBApp.app/$(BUNDLE_EXECUTABLE_FOLDER_PATH)/MovieDBApp";
			};
			name = Debug;
		};
		C8AE8F462ECCFD510043DA0A /* Release */ = {
			isa = XCBuildConfiguration;
			buildSettings = {
				ALWAYS_EMBED_SWIFT_STANDARD_LIBRARIES = YES;
				BUNDLE_LOADER = "$(TEST_HOST)";
				CODE_SIGN_STYLE = Automatic;
				CURRENT_PROJECT_VERSION = 1;
				DEVELOPMENT_TEAM = 9D83MC32AG;
				GENERATE_INFOPLIST_FILE = YES;
				IPHONEOS_DEPLOYMENT_TARGET = 17.2;
				MARKETING_VERSION = 1.0;
				PRODUCT_BUNDLE_IDENTIFIER = any.identifier.MovieDBAppTests;
				PRODUCT_NAME = "$(TARGET_NAME)";
				SWIFT_EMIT_LOC_STRINGS = NO;
				SWIFT_VERSION = 5.0;
				TARGETED_DEVICE_FAMILY = "1,2";
				TEST_HOST = "$(BUILT_PRODUCTS_DIR)/MovieDBApp.app/$(BUNDLE_EXECUTABLE_FOLDER_PATH)/MovieDBApp";
			};
			name = Release;
		};
/* End XCBuildConfiguration section */

/* Begin XCConfigurationList section */
		C8AE8F182ECCFD500043DA0A /* Build configuration list for PBXProject "MovieDBApp" */ = {
			isa = XCConfigurationList;
			buildConfigurations = (
				C8AE8F3F2ECCFD510043DA0A /* Debug */,
				C8AE8F402ECCFD510043DA0A /* Release */,
			);
			defaultConfigurationIsVisible = 0;
			defaultConfigurationName = Release;
		};
		C8AE8F412ECCFD510043DA0A /* Build configuration list for PBXNativeTarget "MovieDBApp" */ = {
			isa = XCConfigurationList;
			buildConfigurations = (
				C8AE8F422ECCFD510043DA0A /* Debug */,
				C8AE8F432ECCFD510043DA0A /* Release */,
			);
			defaultConfigurationIsVisible = 0;
			defaultConfigurationName = Release;
		};
		C8AE8F442ECCFD510043DA0A /* Build configuration list for PBXNativeTarget "MovieDBAppTests" */ = {
			isa = XCConfigurationList;
			buildConfigurations = (
				C8AE8F452ECCFD510043DA0A /* Debug */,
				C8AE8F462ECCFD510043DA0A /* Release */,
			);
			defaultConfigurationIsVisible = 0;
			defaultConfigurationName = Release;
		};
/* End XCConfigurationList section */
	};
	rootObject = C8AE8F152ECCFD500043DA0A /* Project object */;
}
