// !$*UTF8*$!
{
	archiveVersion = 1;
	classes = {
	};
	objectVersion = 56;
	objects = {

/* Begin PBXBuildFile section */
		C87623E02ED36BB7007895EE /* MoviePreviewModel.swift in Sources */ = {isa = PBXBuildFile; fileRef = C8AE90032ECFB2E30043DA0A /* MoviePreviewModel.swift */; };
		C87623E22ED36BCD007895EE /* LoadMoreViewModel.swift in Sources */ = {isa = PBXBuildFile; fileRef = C87623E12ED36BCD007895EE /* LoadMoreViewModel.swift */; };
		C87623E82ED3C567007895EE /* Query.swift in Sources */ = {isa = PBXBuildFile; fileRef = C87623E72ED3C567007895EE /* Query.swift */; };
		C87623EA2ED3C82B007895EE /* InMemorySearchFeedStore.swift in Sources */ = {isa = PBXBuildFile; fileRef = C87623E92ED3C82B007895EE /* InMemorySearchFeedStore.swift */; };
		C87623F02ED474B3007895EE /* MovieDetailsView.swift in Sources */ = {isa = PBXBuildFile; fileRef = C87623EF2ED474B3007895EE /* MovieDetailsView.swift */; };
		C87623F22ED476D1007895EE /* MovieDetailViewViewModel.swift in Sources */ = {isa = PBXBuildFile; fileRef = C87623F12ED476D1007895EE /* MovieDetailViewViewModel.swift */; };
		C87623F72ED494D3007895EE /* MovieDetail.swift in Sources */ = {isa = PBXBuildFile; fileRef = C87623F62ED494D3007895EE /* MovieDetail.swift */; };
		C87623F92ED4957D007895EE /* MovieDetailsEndpoint.swift in Sources */ = {isa = PBXBuildFile; fileRef = C87623F82ED4957D007895EE /* MovieDetailsEndpoint.swift */; };
		C87623FC2ED4971B007895EE /* MovieDetailsUIState.swift in Sources */ = {isa = PBXBuildFile; fileRef = C87623FB2ED4971B007895EE /* MovieDetailsUIState.swift */; };
		C87624002ED49D9B007895EE /* MovieDetailsController.swift in Sources */ = {isa = PBXBuildFile; fileRef = C87623FF2ED49D9B007895EE /* MovieDetailsController.swift */; };
		C87624022ED49E55007895EE /* MovieDetailVieModel.swift in Sources */ = {isa = PBXBuildFile; fileRef = C87624012ED49E55007895EE /* MovieDetailVieModel.swift */; };
		C87624042ED4A20B007895EE /* DetailViewCell.swift in Sources */ = {isa = PBXBuildFile; fileRef = C87624032ED4A20B007895EE /* DetailViewCell.swift */; };
		C87624062ED4B1EA007895EE /* MovieDetailMapper.swift in Sources */ = {isa = PBXBuildFile; fileRef = C87624052ED4B1EA007895EE /* MovieDetailMapper.swift */; };
		C876240A2ED5B0BA007895EE /* URLProtocolStub.swift in Sources */ = {isa = PBXBuildFile; fileRef = C87624092ED5B0BA007895EE /* URLProtocolStub.swift */; };
		C876240C2ED5B108007895EE /* URLSessionHTTPClientTests.swift in Sources */ = {isa = PBXBuildFile; fileRef = C876240B2ED5B108007895EE /* URLSessionHTTPClientTests.swift */; };
		C876240F2ED5B3CC007895EE /* SharedTestHelpers.swift in Sources */ = {isa = PBXBuildFile; fileRef = C876240E2ED5B3CC007895EE /* SharedTestHelpers.swift */; };
		C87624112ED5B434007895EE /* XCTestCase+MemoryLeakTracking.swift in Sources */ = {isa = PBXBuildFile; fileRef = C87624102ED5B434007895EE /* XCTestCase+MemoryLeakTracking.swift */; };
		C87624142ED5B55C007895EE /* FeedItemsMapperTests.swift in Sources */ = {isa = PBXBuildFile; fileRef = C87624132ED5B55C007895EE /* FeedItemsMapperTests.swift */; };
		C87624162ED5E506007895EE /* FeedEndpointTests.swift in Sources */ = {isa = PBXBuildFile; fileRef = C87624152ED5E506007895EE /* FeedEndpointTests.swift */; };
		C87624232ED620A7007895EE /* View+BottomError.swift in Sources */ = {isa = PBXBuildFile; fileRef = C87624202ED620A7007895EE /* View+BottomError.swift */; };
		C87624242ED620A7007895EE /* BottomErrorView.swift in Sources */ = {isa = PBXBuildFile; fileRef = C87624212ED620A7007895EE /* BottomErrorView.swift */; };
		C87624252ED620A7007895EE /* ErrorViewModel.swift in Sources */ = {isa = PBXBuildFile; fileRef = C87624222ED620A7007895EE /* ErrorViewModel.swift */; };
		C8AE8F082ECCF7250043DA0A /* FeedLoader.swift in Sources */ = {isa = PBXBuildFile; fileRef = C8AE8F072ECCF7250043DA0A /* FeedLoader.swift */; };
		C8AE8F5D2ECD03950043DA0A /* MoviesFeed.framework in Frameworks */ = {isa = PBXBuildFile; fileRef = C8CA40B22ECBE87200259113 /* MoviesFeed.framework */; };
		C8AE8F5E2ECD03950043DA0A /* MoviesFeed.framework in Embed Frameworks */ = {isa = PBXBuildFile; fileRef = C8CA40B22ECBE87200259113 /* MoviesFeed.framework */; settings = {ATTRIBUTES = (RemoveHeadersOnCopy, ); }; };
		C8AE8FC72ECD08F90043DA0A /* MoviesFeediOS.h in Headers */ = {isa = PBXBuildFile; fileRef = C8AE8FBB2ECD08F90043DA0A /* MoviesFeediOS.h */; settings = {ATTRIBUTES = (Public, ); }; };
		C8AE8FD02ECD0EF20043DA0A /* HTTPClient.swift in Sources */ = {isa = PBXBuildFile; fileRef = C8AE8FCF2ECD0EF20043DA0A /* HTTPClient.swift */; };
		C8AE8FD32ECD0F850043DA0A /* URLSessionHTTPClient.swift in Sources */ = {isa = PBXBuildFile; fileRef = C8AE8FD22ECD0F850043DA0A /* URLSessionHTTPClient.swift */; };
		C8AE8FD62ECD139C0043DA0A /* FeedMovie.swift in Sources */ = {isa = PBXBuildFile; fileRef = C8AE8FD52ECD139C0043DA0A /* FeedMovie.swift */; };
		C8AE8FDD2ECD15C20043DA0A /* FeedItemsMapper.swift in Sources */ = {isa = PBXBuildFile; fileRef = C8AE8FDC2ECD15C20043DA0A /* FeedItemsMapper.swift */; };
		C8AE8FE02ECD16460043DA0A /* HTTPURLResponse.swift in Sources */ = {isa = PBXBuildFile; fileRef = C8AE8FDF2ECD16460043DA0A /* HTTPURLResponse.swift */; };
		C8AE8FE92ECE55570043DA0A /* MoviesFeed.framework in Frameworks */ = {isa = PBXBuildFile; fileRef = C8CA40B22ECBE87200259113 /* MoviesFeed.framework */; };
		C8AE8FEF2ECE56290043DA0A /* MoviesFeedAPIEndToEndTests.swift in Sources */ = {isa = PBXBuildFile; fileRef = C8AE8FE72ECE55570043DA0A /* MoviesFeedAPIEndToEndTests.swift */; };
		C8AE8FF12ECE63850043DA0A /* Paginated.swift in Sources */ = {isa = PBXBuildFile; fileRef = C8AE8FF02ECE63850043DA0A /* Paginated.swift */; };
		C8AE8FF32ECE6CEC0043DA0A /* FeedEndpoint.swift in Sources */ = {isa = PBXBuildFile; fileRef = C8AE8FF22ECE6CEC0043DA0A /* FeedEndpoint.swift */; };
		C8AE8FF52ECFA09F0043DA0A /* FeedRequest.swift in Sources */ = {isa = PBXBuildFile; fileRef = C8AE8FF42ECFA09F0043DA0A /* FeedRequest.swift */; };
		C8AE8FF72ECFA7150043DA0A /* MovieFeedView.swift in Sources */ = {isa = PBXBuildFile; fileRef = C8AE8FF62ECFA7150043DA0A /* MovieFeedView.swift */; };
		C8AE8FFD2ECFA92F0043DA0A /* MoviesFeed.framework in Frameworks */ = {isa = PBXBuildFile; fileRef = C8CA40B22ECBE87200259113 /* MoviesFeed.framework */; platformFilter = ios; };
		C8AE90022ECFB0B10043DA0A /* MovieCell.swift in Sources */ = {isa = PBXBuildFile; fileRef = C8AE90012ECFB0B10043DA0A /* MovieCell.swift */; };
		C8BAC9622ED21CEC00285940 /* LoadResourcePresenter.swift in Sources */ = {isa = PBXBuildFile; fileRef = C8BAC9612ED21CEC00285940 /* LoadResourcePresenter.swift */; };
		C8BAC9642ED21D1100285940 /* ResourceLoadingView.swift in Sources */ = {isa = PBXBuildFile; fileRef = C8BAC9632ED21D1100285940 /* ResourceLoadingView.swift */; };
		C8BAC9662ED21D2A00285940 /* ResourceLoadingViewModel.swift in Sources */ = {isa = PBXBuildFile; fileRef = C8BAC9652ED21D2A00285940 /* ResourceLoadingViewModel.swift */; };
		C8BAC9682ED21D4200285940 /* ResourceErrorView.swift in Sources */ = {isa = PBXBuildFile; fileRef = C8BAC9672ED21D4200285940 /* ResourceErrorView.swift */; };
		C8BAC96A2ED21D5A00285940 /* ResourceErrorViewModel.swift in Sources */ = {isa = PBXBuildFile; fileRef = C8BAC9692ED21D5A00285940 /* ResourceErrorViewModel.swift */; };
		C8BAC9702ED21F5100285940 /* FeedImageDataLoader.swift in Sources */ = {isa = PBXBuildFile; fileRef = C8BAC96F2ED21F5100285940 /* FeedImageDataLoader.swift */; };
		C8BAC9752ED23BD700285940 /* LocalFeedLoader.swift in Sources */ = {isa = PBXBuildFile; fileRef = C8BAC9742ED23BD700285940 /* LocalFeedLoader.swift */; };
		C8BAC9772ED23C0200285940 /* FeedCache.swift in Sources */ = {isa = PBXBuildFile; fileRef = C8BAC9762ED23C0200285940 /* FeedCache.swift */; };
		C8BAC9792ED23CF400285940 /* FeedImageDataCache.swift in Sources */ = {isa = PBXBuildFile; fileRef = C8BAC9782ED23CF400285940 /* FeedImageDataCache.swift */; };
		C8BAC97B2ED23E3B00285940 /* FeedStore.swift in Sources */ = {isa = PBXBuildFile; fileRef = C8BAC97A2ED23E3B00285940 /* FeedStore.swift */; };
		C8BAC97D2ED23E8300285940 /* LocalFeedMovie.swift in Sources */ = {isa = PBXBuildFile; fileRef = C8BAC97C2ED23E8300285940 /* LocalFeedMovie.swift */; };
		C8BAC9812ED23FE400285940 /* InMemoryFeedStore.swift in Sources */ = {isa = PBXBuildFile; fileRef = C8BAC9802ED23FE400285940 /* InMemoryFeedStore.swift */; };
		C8BAC9832ED2405500285940 /* FeedImageDataStore.swift in Sources */ = {isa = PBXBuildFile; fileRef = C8BAC9822ED2405500285940 /* FeedImageDataStore.swift */; };
		C8BAC9872ED2538500285940 /* ImageEndpoint.swift in Sources */ = {isa = PBXBuildFile; fileRef = C8BAC9862ED2538500285940 /* ImageEndpoint.swift */; };
		C8BAC9892ED260B900285940 /* LocalFeedImageDataLoader.swift in Sources */ = {isa = PBXBuildFile; fileRef = C8BAC9882ED260B900285940 /* LocalFeedImageDataLoader.swift */; };
		C8BAC98B2ED261E800285940 /* FeedMovieDataMapper.swift in Sources */ = {isa = PBXBuildFile; fileRef = C8BAC98A2ED261E800285940 /* FeedMovieDataMapper.swift */; };
		C8BAC98E2ED2683F00285940 /* Shared.strings in Resources */ = {isa = PBXBuildFile; fileRef = C8BAC9902ED2683F00285940 /* Shared.strings */; };
		C8BAC9952ED3117200285940 /* CellController.swift in Sources */ = {isa = PBXBuildFile; fileRef = C8BAC9942ED3117200285940 /* CellController.swift */; };
		C8BAC9962ED313FE00285940 /* FeedMovieViewModel.swift in Sources */ = {isa = PBXBuildFile; fileRef = C8BAC9552ED200BD00285940 /* FeedMovieViewModel.swift */; };
		C8BAC9972ED3144C00285940 /* MoviesFeedUIState.swift in Sources */ = {isa = PBXBuildFile; fileRef = C8AE8FFF2ECFAA860043DA0A /* MoviesFeedUIState.swift */; };
		C8BAC99B2ED3159200285940 /* FeedMovieCellController.swift in Sources */ = {isa = PBXBuildFile; fileRef = C8BAC99A2ED3159200285940 /* FeedMovieCellController.swift */; };
		C8BAC99D2ED3170200285940 /* LoadMoreCellController.swift in Sources */ = {isa = PBXBuildFile; fileRef = C8BAC99C2ED3170200285940 /* LoadMoreCellController.swift */; };
		C8BAC9A02ED3212D00285940 /* LoadMoreCell.swift in Sources */ = {isa = PBXBuildFile; fileRef = C8BAC99F2ED3212D00285940 /* LoadMoreCell.swift */; };
		C8BAC9A22ED3502900285940 /* LocalFeedPage.swift in Sources */ = {isa = PBXBuildFile; fileRef = C8BAC9A12ED3502900285940 /* LocalFeedPage.swift */; };
		C8CA40C22ECBE87200259113 /* DataLayerFramework.h in Headers */ = {isa = PBXBuildFile; fileRef = C8CA40B42ECBE87200259113 /* DataLayerFramework.h */; settings = {ATTRIBUTES = (Public, ); }; };
		C8CA40CF2ECBE9E300259113 /* API.swift in Sources */ = {isa = PBXBuildFile; fileRef = C8CA40CE2ECBE9E300259113 /* API.swift */; };
/* End PBXBuildFile section */

/* Begin PBXContainerItemProxy section */
		C8AE8F582ECD035D0043DA0A /* PBXContainerItemProxy */ = {
			isa = PBXContainerItemProxy;
			containerPortal = C8CA40782ECBE72900259113 /* Project object */;
			proxyType = 1;
			remoteGlobalIDString = C8CA40B12ECBE87200259113;
			remoteInfo = MoviesFeed;
		};
		C8AE8FEA2ECE55570043DA0A /* PBXContainerItemProxy */ = {
			isa = PBXContainerItemProxy;
			containerPortal = C8CA40782ECBE72900259113 /* Project object */;
			proxyType = 1;
			remoteGlobalIDString = C8CA40B12ECBE87200259113;
			remoteInfo = MoviesFeed;
		};
/* End PBXContainerItemProxy section */

/* Begin PBXCopyFilesBuildPhase section */
		C8AE8F5F2ECD03950043DA0A /* Embed Frameworks */ = {
			isa = PBXCopyFilesBuildPhase;
			buildActionMask = 2147483647;
			dstPath = "";
			dstSubfolderSpec = 10;
			files = (
				C8AE8F5E2ECD03950043DA0A /* MoviesFeed.framework in Embed Frameworks */,
			);
			name = "Embed Frameworks";
			runOnlyForDeploymentPostprocessing = 0;
		};
/* End PBXCopyFilesBuildPhase section */

/* Begin PBXFileReference section */
		C87623E12ED36BCD007895EE /* LoadMoreViewModel.swift */ = {isa = PBXFileReference; lastKnownFileType = sourcecode.swift; path = LoadMoreViewModel.swift; sourceTree = "<group>"; };
		C87623E72ED3C567007895EE /* Query.swift */ = {isa = PBXFileReference; lastKnownFileType = sourcecode.swift; path = Query.swift; sourceTree = "<group>"; };
		C87623E92ED3C82B007895EE /* InMemorySearchFeedStore.swift */ = {isa = PBXFileReference; fileEncoding = 4; lastKnownFileType = sourcecode.swift; path = InMemorySearchFeedStore.swift; sourceTree = "<group>"; };
		C87623EF2ED474B3007895EE /* MovieDetailsView.swift */ = {isa = PBXFileReference; lastKnownFileType = sourcecode.swift; path = MovieDetailsView.swift; sourceTree = "<group>"; };
		C87623F12ED476D1007895EE /* MovieDetailViewViewModel.swift */ = {isa = PBXFileReference; lastKnownFileType = sourcecode.swift; path = MovieDetailViewViewModel.swift; sourceTree = "<group>"; };
		C87623F62ED494D3007895EE /* MovieDetail.swift */ = {isa = PBXFileReference; lastKnownFileType = sourcecode.swift; path = MovieDetail.swift; sourceTree = "<group>"; };
		C87623F82ED4957D007895EE /* MovieDetailsEndpoint.swift */ = {isa = PBXFileReference; lastKnownFileType = sourcecode.swift; path = MovieDetailsEndpoint.swift; sourceTree = "<group>"; };
		C87623FB2ED4971B007895EE /* MovieDetailsUIState.swift */ = {isa = PBXFileReference; lastKnownFileType = sourcecode.swift; path = MovieDetailsUIState.swift; sourceTree = "<group>"; };
		C87623FF2ED49D9B007895EE /* MovieDetailsController.swift */ = {isa = PBXFileReference; lastKnownFileType = sourcecode.swift; path = MovieDetailsController.swift; sourceTree = "<group>"; };
		C87624012ED49E55007895EE /* MovieDetailVieModel.swift */ = {isa = PBXFileReference; lastKnownFileType = sourcecode.swift; path = MovieDetailVieModel.swift; sourceTree = "<group>"; };
		C87624032ED4A20B007895EE /* DetailViewCell.swift */ = {isa = PBXFileReference; lastKnownFileType = sourcecode.swift; path = DetailViewCell.swift; sourceTree = "<group>"; };
		C87624052ED4B1EA007895EE /* MovieDetailMapper.swift */ = {isa = PBXFileReference; lastKnownFileType = sourcecode.swift; path = MovieDetailMapper.swift; sourceTree = "<group>"; };
		C87624092ED5B0BA007895EE /* URLProtocolStub.swift */ = {isa = PBXFileReference; lastKnownFileType = sourcecode.swift; path = URLProtocolStub.swift; sourceTree = "<group>"; };
		C876240B2ED5B108007895EE /* URLSessionHTTPClientTests.swift */ = {isa = PBXFileReference; lastKnownFileType = sourcecode.swift; path = URLSessionHTTPClientTests.swift; sourceTree = "<group>"; };
		C876240E2ED5B3CC007895EE /* SharedTestHelpers.swift */ = {isa = PBXFileReference; lastKnownFileType = sourcecode.swift; path = SharedTestHelpers.swift; sourceTree = "<group>"; };
		C87624102ED5B434007895EE /* XCTestCase+MemoryLeakTracking.swift */ = {isa = PBXFileReference; lastKnownFileType = sourcecode.swift; path = "XCTestCase+MemoryLeakTracking.swift"; sourceTree = "<group>"; };
		C87624132ED5B55C007895EE /* FeedItemsMapperTests.swift */ = {isa = PBXFileReference; lastKnownFileType = sourcecode.swift; path = FeedItemsMapperTests.swift; sourceTree = "<group>"; };
		C87624152ED5E506007895EE /* FeedEndpointTests.swift */ = {isa = PBXFileReference; lastKnownFileType = sourcecode.swift; path = FeedEndpointTests.swift; sourceTree = "<group>"; };
		C87624202ED620A7007895EE /* View+BottomError.swift */ = {isa = PBXFileReference; fileEncoding = 4; lastKnownFileType = sourcecode.swift; path = "View+BottomError.swift"; sourceTree = "<group>"; };
		C87624212ED620A7007895EE /* BottomErrorView.swift */ = {isa = PBXFileReference; fileEncoding = 4; lastKnownFileType = sourcecode.swift; path = BottomErrorView.swift; sourceTree = "<group>"; };
		C87624222ED620A7007895EE /* ErrorViewModel.swift */ = {isa = PBXFileReference; fileEncoding = 4; lastKnownFileType = sourcecode.swift; path = ErrorViewModel.swift; sourceTree = "<group>"; };
		C8AE8F072ECCF7250043DA0A /* FeedLoader.swift */ = {isa = PBXFileReference; lastKnownFileType = sourcecode.swift; path = FeedLoader.swift; sourceTree = "<group>"; };
		C8AE8F4C2ECD022E0043DA0A /* MoviesFeed.xctestplan */ = {isa = PBXFileReference; lastKnownFileType = text; path = MoviesFeed.xctestplan; sourceTree = "<group>"; };
		C8AE8F532ECD035D0043DA0A /* MoviesFeedTests.xctest */ = {isa = PBXFileReference; explicitFileType = wrapper.cfbundle; includeInIndex = 0; path = MoviesFeedTests.xctest; sourceTree = BUILT_PRODUCTS_DIR; };
		C8AE8FB92ECD08F90043DA0A /* MoviesFeediOS.framework */ = {isa = PBXFileReference; explicitFileType = wrapper.framework; includeInIndex = 0; path = MoviesFeediOS.framework; sourceTree = BUILT_PRODUCTS_DIR; };
		C8AE8FBB2ECD08F90043DA0A /* MoviesFeediOS.h */ = {isa = PBXFileReference; lastKnownFileType = sourcecode.c.h; path = MoviesFeediOS.h; sourceTree = "<group>"; };
		C8AE8FCF2ECD0EF20043DA0A /* HTTPClient.swift */ = {isa = PBXFileReference; lastKnownFileType = sourcecode.swift; path = HTTPClient.swift; sourceTree = "<group>"; };
		C8AE8FD22ECD0F850043DA0A /* URLSessionHTTPClient.swift */ = {isa = PBXFileReference; lastKnownFileType = sourcecode.swift; path = URLSessionHTTPClient.swift; sourceTree = "<group>"; };
		C8AE8FD52ECD139C0043DA0A /* FeedMovie.swift */ = {isa = PBXFileReference; lastKnownFileType = sourcecode.swift; path = FeedMovie.swift; sourceTree = "<group>"; };
		C8AE8FDC2ECD15C20043DA0A /* FeedItemsMapper.swift */ = {isa = PBXFileReference; lastKnownFileType = sourcecode.swift; path = FeedItemsMapper.swift; sourceTree = "<group>"; };
		C8AE8FDF2ECD16460043DA0A /* HTTPURLResponse.swift */ = {isa = PBXFileReference; lastKnownFileType = sourcecode.swift; path = HTTPURLResponse.swift; sourceTree = "<group>"; };
		C8AE8FE52ECE55570043DA0A /* MoviesFeedAPIEndToEndTests.xctest */ = {isa = PBXFileReference; explicitFileType = wrapper.cfbundle; includeInIndex = 0; path = MoviesFeedAPIEndToEndTests.xctest; sourceTree = BUILT_PRODUCTS_DIR; };
		C8AE8FE72ECE55570043DA0A /* MoviesFeedAPIEndToEndTests.swift */ = {isa = PBXFileReference; lastKnownFileType = sourcecode.swift; path = MoviesFeedAPIEndToEndTests.swift; sourceTree = "<group>"; };
		C8AE8FF02ECE63850043DA0A /* Paginated.swift */ = {isa = PBXFileReference; lastKnownFileType = sourcecode.swift; path = Paginated.swift; sourceTree = "<group>"; };
		C8AE8FF22ECE6CEC0043DA0A /* FeedEndpoint.swift */ = {isa = PBXFileReference; lastKnownFileType = sourcecode.swift; path = FeedEndpoint.swift; sourceTree = "<group>"; };
		C8AE8FF42ECFA09F0043DA0A /* FeedRequest.swift */ = {isa = PBXFileReference; lastKnownFileType = sourcecode.swift; path = FeedRequest.swift; sourceTree = "<group>"; };
		C8AE8FF62ECFA7150043DA0A /* MovieFeedView.swift */ = {isa = PBXFileReference; lastKnownFileType = sourcecode.swift; path = MovieFeedView.swift; sourceTree = "<group>"; };
		C8AE8FFF2ECFAA860043DA0A /* MoviesFeedUIState.swift */ = {isa = PBXFileReference; lastKnownFileType = sourcecode.swift; path = MoviesFeedUIState.swift; sourceTree = "<group>"; };
		C8AE90012ECFB0B10043DA0A /* MovieCell.swift */ = {isa = PBXFileReference; lastKnownFileType = sourcecode.swift; path = MovieCell.swift; sourceTree = "<group>"; };
		C8AE90032ECFB2E30043DA0A /* MoviePreviewModel.swift */ = {isa = PBXFileReference; lastKnownFileType = sourcecode.swift; path = MoviePreviewModel.swift; sourceTree = "<group>"; };
		C8BAC9552ED200BD00285940 /* FeedMovieViewModel.swift */ = {isa = PBXFileReference; lastKnownFileType = sourcecode.swift; path = FeedMovieViewModel.swift; sourceTree = "<group>"; };
		C8BAC9612ED21CEC00285940 /* LoadResourcePresenter.swift */ = {isa = PBXFileReference; lastKnownFileType = sourcecode.swift; path = LoadResourcePresenter.swift; sourceTree = "<group>"; };
		C8BAC9632ED21D1100285940 /* ResourceLoadingView.swift */ = {isa = PBXFileReference; lastKnownFileType = sourcecode.swift; path = ResourceLoadingView.swift; sourceTree = "<group>"; };
		C8BAC9652ED21D2A00285940 /* ResourceLoadingViewModel.swift */ = {isa = PBXFileReference; lastKnownFileType = sourcecode.swift; path = ResourceLoadingViewModel.swift; sourceTree = "<group>"; };
		C8BAC9672ED21D4200285940 /* ResourceErrorView.swift */ = {isa = PBXFileReference; lastKnownFileType = sourcecode.swift; path = ResourceErrorView.swift; sourceTree = "<group>"; };
		C8BAC9692ED21D5A00285940 /* ResourceErrorViewModel.swift */ = {isa = PBXFileReference; lastKnownFileType = sourcecode.swift; path = ResourceErrorViewModel.swift; sourceTree = "<group>"; };
		C8BAC96F2ED21F5100285940 /* FeedImageDataLoader.swift */ = {isa = PBXFileReference; lastKnownFileType = sourcecode.swift; path = FeedImageDataLoader.swift; sourceTree = "<group>"; };
		C8BAC9742ED23BD700285940 /* LocalFeedLoader.swift */ = {isa = PBXFileReference; lastKnownFileType = sourcecode.swift; path = LocalFeedLoader.swift; sourceTree = "<group>"; };
		C8BAC9762ED23C0200285940 /* FeedCache.swift */ = {isa = PBXFileReference; lastKnownFileType = sourcecode.swift; path = FeedCache.swift; sourceTree = "<group>"; };
		C8BAC9782ED23CF400285940 /* FeedImageDataCache.swift */ = {isa = PBXFileReference; lastKnownFileType = sourcecode.swift; path = FeedImageDataCache.swift; sourceTree = "<group>"; };
		C8BAC97A2ED23E3B00285940 /* FeedStore.swift */ = {isa = PBXFileReference; lastKnownFileType = sourcecode.swift; path = FeedStore.swift; sourceTree = "<group>"; };
		C8BAC97C2ED23E8300285940 /* LocalFeedMovie.swift */ = {isa = PBXFileReference; lastKnownFileType = sourcecode.swift; path = LocalFeedMovie.swift; sourceTree = "<group>"; };
		C8BAC9802ED23FE400285940 /* InMemoryFeedStore.swift */ = {isa = PBXFileReference; lastKnownFileType = sourcecode.swift; path = InMemoryFeedStore.swift; sourceTree = "<group>"; };
		C8BAC9822ED2405500285940 /* FeedImageDataStore.swift */ = {isa = PBXFileReference; lastKnownFileType = sourcecode.swift; path = FeedImageDataStore.swift; sourceTree = "<group>"; };
		C8BAC9862ED2538500285940 /* ImageEndpoint.swift */ = {isa = PBXFileReference; lastKnownFileType = sourcecode.swift; path = ImageEndpoint.swift; sourceTree = "<group>"; };
		C8BAC9882ED260B900285940 /* LocalFeedImageDataLoader.swift */ = {isa = PBXFileReference; lastKnownFileType = sourcecode.swift; path = LocalFeedImageDataLoader.swift; sourceTree = "<group>"; };
		C8BAC98A2ED261E800285940 /* FeedMovieDataMapper.swift */ = {isa = PBXFileReference; lastKnownFileType = sourcecode.swift; path = FeedMovieDataMapper.swift; sourceTree = "<group>"; };
		C8BAC98F2ED2683F00285940 /* en */ = {isa = PBXFileReference; lastKnownFileType = text.plist.strings; name = en; path = en.lproj/Shared.strings; sourceTree = "<group>"; };
		C8BAC9912ED2688A00285940 /* de */ = {isa = PBXFileReference; lastKnownFileType = text.plist.strings; name = de; path = de.lproj/Shared.strings; sourceTree = "<group>"; };
		C8BAC9922ED2689F00285940 /* uk */ = {isa = PBXFileReference; lastKnownFileType = text.plist.strings; name = uk; path = uk.lproj/Shared.strings; sourceTree = "<group>"; };
		C8BAC9932ED268C000285940 /* ru */ = {isa = PBXFileReference; lastKnownFileType = text.plist.strings; name = ru; path = ru.lproj/Shared.strings; sourceTree = "<group>"; };
		C8BAC9942ED3117200285940 /* CellController.swift */ = {isa = PBXFileReference; lastKnownFileType = sourcecode.swift; path = CellController.swift; sourceTree = "<group>"; };
		C8BAC99A2ED3159200285940 /* FeedMovieCellController.swift */ = {isa = PBXFileReference; lastKnownFileType = sourcecode.swift; path = FeedMovieCellController.swift; sourceTree = "<group>"; };
		C8BAC99C2ED3170200285940 /* LoadMoreCellController.swift */ = {isa = PBXFileReference; lastKnownFileType = sourcecode.swift; path = LoadMoreCellController.swift; sourceTree = "<group>"; };
		C8BAC99F2ED3212D00285940 /* LoadMoreCell.swift */ = {isa = PBXFileReference; fileEncoding = 4; lastKnownFileType = sourcecode.swift; path = LoadMoreCell.swift; sourceTree = "<group>"; };
		C8BAC9A12ED3502900285940 /* LocalFeedPage.swift */ = {isa = PBXFileReference; lastKnownFileType = sourcecode.swift; path = LocalFeedPage.swift; sourceTree = "<group>"; };
		C8CA40B22ECBE87200259113 /* MoviesFeed.framework */ = {isa = PBXFileReference; explicitFileType = wrapper.framework; includeInIndex = 0; path = MoviesFeed.framework; sourceTree = BUILT_PRODUCTS_DIR; };
		C8CA40B42ECBE87200259113 /* DataLayerFramework.h */ = {isa = PBXFileReference; lastKnownFileType = sourcecode.c.h; path = DataLayerFramework.h; sourceTree = "<group>"; };
		C8CA40CE2ECBE9E300259113 /* API.swift */ = {isa = PBXFileReference; lastKnownFileType = sourcecode.swift; path = API.swift; sourceTree = "<group>"; };
/* End PBXFileReference section */

/* Begin PBXFrameworksBuildPhase section */
		C8AE8F502ECD035D0043DA0A /* Frameworks */ = {
			isa = PBXFrameworksBuildPhase;
			buildActionMask = 2147483647;
			files = (
				C8AE8F5D2ECD03950043DA0A /* MoviesFeed.framework in Frameworks */,
			);
			runOnlyForDeploymentPostprocessing = 0;
		};
		C8AE8FB62ECD08F90043DA0A /* Frameworks */ = {
			isa = PBXFrameworksBuildPhase;
			buildActionMask = 2147483647;
			files = (
				C8AE8FFD2ECFA92F0043DA0A /* MoviesFeed.framework in Frameworks */,
			);
			runOnlyForDeploymentPostprocessing = 0;
		};
		C8AE8FE22ECE55570043DA0A /* Frameworks */ = {
			isa = PBXFrameworksBuildPhase;
			buildActionMask = 2147483647;
			files = (
				C8AE8FE92ECE55570043DA0A /* MoviesFeed.framework in Frameworks */,
			);
			runOnlyForDeploymentPostprocessing = 0;
		};
		C8CA40AF2ECBE87200259113 /* Frameworks */ = {
			isa = PBXFrameworksBuildPhase;
			buildActionMask = 2147483647;
			files = (
			);
			runOnlyForDeploymentPostprocessing = 0;
		};
/* End PBXFrameworksBuildPhase section */

/* Begin PBXGroup section */
		C87623F42ED49437007895EE /* Movie Details Feature */ = {
			isa = PBXGroup;
			children = (
				C87623F62ED494D3007895EE /* MovieDetail.swift */,
			);
			path = "Movie Details Feature";
			sourceTree = "<group>";
		};
		C87623F52ED49479007895EE /* Movie Details API */ = {
			isa = PBXGroup;
			children = (
				C87623F82ED4957D007895EE /* MovieDetailsEndpoint.swift */,
				C87624052ED4B1EA007895EE /* MovieDetailMapper.swift */,
			);
			path = "Movie Details API";
			sourceTree = "<group>";
		};
		C87623FA2ED49697007895EE /* Movie Details UI */ = {
			isa = PBXGroup;
			children = (
				C87623EF2ED474B3007895EE /* MovieDetailsView.swift */,
				C87623F12ED476D1007895EE /* MovieDetailViewViewModel.swift */,
				C87623FB2ED4971B007895EE /* MovieDetailsUIState.swift */,
				C87623FF2ED49D9B007895EE /* MovieDetailsController.swift */,
				C87624012ED49E55007895EE /* MovieDetailVieModel.swift */,
				C87624032ED4A20B007895EE /* DetailViewCell.swift */,
			);
			path = "Movie Details UI";
			sourceTree = "<group>";
		};
		C87624072ED5AF26007895EE /* Shared API Infra */ = {
			isa = PBXGroup;
			children = (
				C87624082ED5AF46007895EE /* Helpers */,
				C876240B2ED5B108007895EE /* URLSessionHTTPClientTests.swift */,
			);
			path = "Shared API Infra";
			sourceTree = "<group>";
		};
		C87624082ED5AF46007895EE /* Helpers */ = {
			isa = PBXGroup;
			children = (
				C87624092ED5B0BA007895EE /* URLProtocolStub.swift */,
			);
			path = Helpers;
			sourceTree = "<group>";
		};
		C876240D2ED5B3B7007895EE /* Helpers */ = {
			isa = PBXGroup;
			children = (
				C876240E2ED5B3CC007895EE /* SharedTestHelpers.swift */,
				C87624102ED5B434007895EE /* XCTestCase+MemoryLeakTracking.swift */,
			);
			path = Helpers;
			sourceTree = "<group>";
		};
		C87624122ED5B4F4007895EE /* Feed API */ = {
			isa = PBXGroup;
			children = (
				C87624132ED5B55C007895EE /* FeedItemsMapperTests.swift */,
				C87624152ED5E506007895EE /* FeedEndpointTests.swift */,
			);
			path = "Feed API";
			sourceTree = "<group>";
		};
		C876241F2ED62091007895EE /* Shared UI */ = {
			isa = PBXGroup;
			children = (
				C87624212ED620A7007895EE /* BottomErrorView.swift */,
				C87624222ED620A7007895EE /* ErrorViewModel.swift */,
				C87624202ED620A7007895EE /* View+BottomError.swift */,
			);
			name = "Shared UI";
			path = "../../../../../../../Oleksandr_Buhara/.Trash/Shared UI";
			sourceTree = "<group>";
		};
		C8AE8F542ECD035D0043DA0A /* MoviesFeedTests */ = {
			isa = PBXGroup;
			children = (
				C87624122ED5B4F4007895EE /* Feed API */,
				C876240D2ED5B3B7007895EE /* Helpers */,
				C87624072ED5AF26007895EE /* Shared API Infra */,
			);
			path = MoviesFeedTests;
			sourceTree = "<group>";
		};
		C8AE8FBA2ECD08F90043DA0A /* MoviesFeediOS */ = {
			isa = PBXGroup;
			children = (
				C876241F2ED62091007895EE /* Shared UI */,
				C8BAC9982ED3152800285940 /* Feed UI */,
				C87623FA2ED49697007895EE /* Movie Details UI */,
				C8AE8FBB2ECD08F90043DA0A /* MoviesFeediOS.h */,
				C8AE8FFF2ECFAA860043DA0A /* MoviesFeedUIState.swift */,
				C8BAC9942ED3117200285940 /* CellController.swift */,
			);
			path = MoviesFeediOS;
			sourceTree = "<group>";
		};
		C8AE8FCE2ECD0EBF0043DA0A /* Shared API */ = {
			isa = PBXGroup;
			children = (
				C8BAC9862ED2538500285940 /* ImageEndpoint.swift */,
				C8AE8FCF2ECD0EF20043DA0A /* HTTPClient.swift */,
			);
			path = "Shared API";
			sourceTree = "<group>";
		};
		C8AE8FD12ECD0F5E0043DA0A /* Shared API Infra */ = {
			isa = PBXGroup;
			children = (
				C8AE8FD22ECD0F850043DA0A /* URLSessionHTTPClient.swift */,
			);
			path = "Shared API Infra";
			sourceTree = "<group>";
		};
		C8AE8FD42ECD135A0043DA0A /* Feed Feature */ = {
			isa = PBXGroup;
			children = (
				C8AE8FD52ECD139C0043DA0A /* FeedMovie.swift */,
				C8BAC96F2ED21F5100285940 /* FeedImageDataLoader.swift */,
				C8BAC9762ED23C0200285940 /* FeedCache.swift */,
				C8BAC9782ED23CF400285940 /* FeedImageDataCache.swift */,
			);
			path = "Feed Feature";
			sourceTree = "<group>";
		};
		C8AE8FD72ECD154B0043DA0A /* Frameworks */ = {
			isa = PBXGroup;
			children = (
			);
			name = Frameworks;
			sourceTree = "<group>";
		};
		C8AE8FDB2ECD15A90043DA0A /* Feed API */ = {
			isa = PBXGroup;
			children = (
				C8AE8FDE2ECD16340043DA0A /* Helpers */,
				C8AE8FDC2ECD15C20043DA0A /* FeedItemsMapper.swift */,
				C8AE8FF02ECE63850043DA0A /* Paginated.swift */,
				C8AE8FF22ECE6CEC0043DA0A /* FeedEndpoint.swift */,
				C8AE8FF42ECFA09F0043DA0A /* FeedRequest.swift */,
				C8BAC98A2ED261E800285940 /* FeedMovieDataMapper.swift */,
				C87623E72ED3C567007895EE /* Query.swift */,
			);
			path = "Feed API";
			sourceTree = "<group>";
		};
		C8AE8FDE2ECD16340043DA0A /* Helpers */ = {
			isa = PBXGroup;
			children = (
				C8AE8FDF2ECD16460043DA0A /* HTTPURLResponse.swift */,
			);
			path = Helpers;
			sourceTree = "<group>";
		};
		C8AE8FE62ECE55570043DA0A /* MoviesFeedAPIEndToEndTests */ = {
			isa = PBXGroup;
			children = (
				C8AE8FE72ECE55570043DA0A /* MoviesFeedAPIEndToEndTests.swift */,
			);
			path = MoviesFeedAPIEndToEndTests;
			sourceTree = "<group>";
		};
		C8BAC9602ED21CC500285940 /* Shared Presentation */ = {
			isa = PBXGroup;
			children = (
				C8BAC9612ED21CEC00285940 /* LoadResourcePresenter.swift */,
				C8BAC9902ED2683F00285940 /* Shared.strings */,
				C8BAC9632ED21D1100285940 /* ResourceLoadingView.swift */,
				C8BAC9652ED21D2A00285940 /* ResourceLoadingViewModel.swift */,
				C8BAC9672ED21D4200285940 /* ResourceErrorView.swift */,
				C8BAC9692ED21D5A00285940 /* ResourceErrorViewModel.swift */,
			);
			path = "Shared Presentation";
			sourceTree = "<group>";
		};
		C8BAC9732ED23BB500285940 /* Feed Cache */ = {
			isa = PBXGroup;
			children = (
				C8BAC97E2ED23FBD00285940 /* Infrastructure */,
				C8BAC9742ED23BD700285940 /* LocalFeedLoader.swift */,
				C8BAC97A2ED23E3B00285940 /* FeedStore.swift */,
				C8BAC97C2ED23E8300285940 /* LocalFeedMovie.swift */,
				C8BAC9822ED2405500285940 /* FeedImageDataStore.swift */,
				C8BAC9882ED260B900285940 /* LocalFeedImageDataLoader.swift */,
				C8BAC9A12ED3502900285940 /* LocalFeedPage.swift */,
			);
			path = "Feed Cache";
			sourceTree = "<group>";
		};
		C8BAC97E2ED23FBD00285940 /* Infrastructure */ = {
			isa = PBXGroup;
			children = (
				C8BAC97F2ED23FD200285940 /* InMemory */,
			);
			path = Infrastructure;
			sourceTree = "<group>";
		};
		C8BAC97F2ED23FD200285940 /* InMemory */ = {
			isa = PBXGroup;
			children = (
				C87623E92ED3C82B007895EE /* InMemorySearchFeedStore.swift */,
				C8BAC9802ED23FE400285940 /* InMemoryFeedStore.swift */,
			);
			path = InMemory;
			sourceTree = "<group>";
		};
		C8BAC9982ED3152800285940 /* Feed UI */ = {
			isa = PBXGroup;
			children = (
				C8AE8FF62ECFA7150043DA0A /* MovieFeedView.swift */,
				C8BAC9552ED200BD00285940 /* FeedMovieViewModel.swift */,
				C8BAC99E2ED3211000285940 /* Cell */,
				C8BAC9992ED3154900285940 /* Controllers */,
			);
			path = "Feed UI";
			sourceTree = "<group>";
		};
		C8BAC9992ED3154900285940 /* Controllers */ = {
			isa = PBXGroup;
			children = (
				C8BAC99A2ED3159200285940 /* FeedMovieCellController.swift */,
				C8BAC99C2ED3170200285940 /* LoadMoreCellController.swift */,
			);
			path = Controllers;
			sourceTree = "<group>";
		};
		C8BAC99E2ED3211000285940 /* Cell */ = {
			isa = PBXGroup;
			children = (
				C8AE90032ECFB2E30043DA0A /* MoviePreviewModel.swift */,
				C8BAC99F2ED3212D00285940 /* LoadMoreCell.swift */,
				C8AE90012ECFB0B10043DA0A /* MovieCell.swift */,
				C87623E12ED36BCD007895EE /* LoadMoreViewModel.swift */,
			);
			path = Cell;
			sourceTree = "<group>";
		};
		C8CA40772ECBE72900259113 = {
			isa = PBXGroup;
			children = (
				C8AE8F4C2ECD022E0043DA0A /* MoviesFeed.xctestplan */,
				C8CA40B32ECBE87200259113 /* MoviesFeed */,
				C8AE8F542ECD035D0043DA0A /* MoviesFeedTests */,
				C8AE8FBA2ECD08F90043DA0A /* MoviesFeediOS */,
				C8AE8FE62ECE55570043DA0A /* MoviesFeedAPIEndToEndTests */,
				C8CA40812ECBE72900259113 /* Products */,
				C8AE8FD72ECD154B0043DA0A /* Frameworks */,
			);
			sourceTree = "<group>";
		};
		C8CA40812ECBE72900259113 /* Products */ = {
			isa = PBXGroup;
			children = (
				C8CA40B22ECBE87200259113 /* MoviesFeed.framework */,
				C8AE8F532ECD035D0043DA0A /* MoviesFeedTests.xctest */,
				C8AE8FB92ECD08F90043DA0A /* MoviesFeediOS.framework */,
				C8AE8FE52ECE55570043DA0A /* MoviesFeedAPIEndToEndTests.xctest */,
			);
			name = Products;
			sourceTree = "<group>";
		};
		C8CA40B32ECBE87200259113 /* MoviesFeed */ = {
			isa = PBXGroup;
			children = (
				C87623F52ED49479007895EE /* Movie Details API */,
				C87623F42ED49437007895EE /* Movie Details Feature */,
				C8BAC9602ED21CC500285940 /* Shared Presentation */,
				C8AE8FDB2ECD15A90043DA0A /* Feed API */,
				C8BAC9732ED23BB500285940 /* Feed Cache */,
				C8AE8FD42ECD135A0043DA0A /* Feed Feature */,
				C8AE8FCE2ECD0EBF0043DA0A /* Shared API */,
				C8AE8FD12ECD0F5E0043DA0A /* Shared API Infra */,
				C8CA40B42ECBE87200259113 /* DataLayerFramework.h */,
				C8CA40CE2ECBE9E300259113 /* API.swift */,
				C8AE8F072ECCF7250043DA0A /* FeedLoader.swift */,
			);
			path = MoviesFeed;
			sourceTree = "<group>";
		};
/* End PBXGroup section */

/* Begin PBXHeadersBuildPhase section */
		C8AE8FB42ECD08F90043DA0A /* Headers */ = {
			isa = PBXHeadersBuildPhase;
			buildActionMask = 2147483647;
			files = (
				C8AE8FC72ECD08F90043DA0A /* MoviesFeediOS.h in Headers */,
			);
			runOnlyForDeploymentPostprocessing = 0;
		};
		C8CA40AD2ECBE87200259113 /* Headers */ = {
			isa = PBXHeadersBuildPhase;
			buildActionMask = 2147483647;
			files = (
				C8CA40C22ECBE87200259113 /* DataLayerFramework.h in Headers */,
			);
			runOnlyForDeploymentPostprocessing = 0;
		};
/* End PBXHeadersBuildPhase section */

/* Begin PBXNativeTarget section */
		C8AE8F522ECD035D0043DA0A /* MoviesFeedTests */ = {
			isa = PBXNativeTarget;
			buildConfigurationList = C8AE8F5A2ECD035D0043DA0A /* Build configuration list for PBXNativeTarget "MoviesFeedTests" */;
			buildPhases = (
				C8AE8F4F2ECD035D0043DA0A /* Sources */,
				C8AE8F502ECD035D0043DA0A /* Frameworks */,
				C8AE8F512ECD035D0043DA0A /* Resources */,
				C8AE8F5F2ECD03950043DA0A /* Embed Frameworks */,
			);
			buildRules = (
			);
			dependencies = (
				C8AE8F592ECD035D0043DA0A /* PBXTargetDependency */,
			);
			name = MoviesFeedTests;
			productName = MoviesFeedTests;
			productReference = C8AE8F532ECD035D0043DA0A /* MoviesFeedTests.xctest */;
			productType = "com.apple.product-type.bundle.unit-test";
		};
		C8AE8FB82ECD08F90043DA0A /* MoviesFeediOS */ = {
			isa = PBXNativeTarget;
			buildConfigurationList = C8AE8FC82ECD08F90043DA0A /* Build configuration list for PBXNativeTarget "MoviesFeediOS" */;
			buildPhases = (
				C8AE8FB42ECD08F90043DA0A /* Headers */,
				C8AE8FB52ECD08F90043DA0A /* Sources */,
				C8AE8FB62ECD08F90043DA0A /* Frameworks */,
				C8AE8FB72ECD08F90043DA0A /* Resources */,
			);
			buildRules = (
			);
			dependencies = (
			);
			name = MoviesFeediOS;
			productName = MoviesFeediOS;
			productReference = C8AE8FB92ECD08F90043DA0A /* MoviesFeediOS.framework */;
			productType = "com.apple.product-type.framework";
		};
		C8AE8FE42ECE55570043DA0A /* MoviesFeedAPIEndToEndTests */ = {
			isa = PBXNativeTarget;
			buildConfigurationList = C8AE8FEC2ECE55570043DA0A /* Build configuration list for PBXNativeTarget "MoviesFeedAPIEndToEndTests" */;
			buildPhases = (
				C8AE8FE12ECE55570043DA0A /* Sources */,
				C8AE8FE22ECE55570043DA0A /* Frameworks */,
				C8AE8FE32ECE55570043DA0A /* Resources */,
			);
			buildRules = (
			);
			dependencies = (
				C8AE8FEB2ECE55570043DA0A /* PBXTargetDependency */,
			);
			name = MoviesFeedAPIEndToEndTests;
			productName = MoviesFeedAPIEndToEndTests;
			productReference = C8AE8FE52ECE55570043DA0A /* MoviesFeedAPIEndToEndTests.xctest */;
			productType = "com.apple.product-type.bundle.unit-test";
		};
		C8CA40B12ECBE87200259113 /* MoviesFeed */ = {
			isa = PBXNativeTarget;
			buildConfigurationList = C8CA40C72ECBE87300259113 /* Build configuration list for PBXNativeTarget "MoviesFeed" */;
			buildPhases = (
				C8CA40AD2ECBE87200259113 /* Headers */,
				C8CA40AE2ECBE87200259113 /* Sources */,
				C8CA40AF2ECBE87200259113 /* Frameworks */,
				C8CA40B02ECBE87200259113 /* Resources */,
			);
			buildRules = (
			);
			dependencies = (
			);
			name = MoviesFeed;
			productName = DataLayerFramework;
			productReference = C8CA40B22ECBE87200259113 /* MoviesFeed.framework */;
			productType = "com.apple.product-type.framework";
		};
/* End PBXNativeTarget section */

/* Begin PBXProject section */
		C8CA40782ECBE72900259113 /* Project object */ = {
			isa = PBXProject;
			attributes = {
				BuildIndependentTargetsInParallel = 1;
				LastSwiftUpdateCheck = 1520;
				LastUpgradeCheck = 1520;
				TargetAttributes = {
					C8AE8F522ECD035D0043DA0A = {
						CreatedOnToolsVersion = 15.2;
					};
					C8AE8FB82ECD08F90043DA0A = {
						CreatedOnToolsVersion = 15.2;
						LastSwiftMigration = 1520;
					};
					C8AE8FE42ECE55570043DA0A = {
						CreatedOnToolsVersion = 15.2;
					};
					C8CA40B12ECBE87200259113 = {
						CreatedOnToolsVersion = 15.2;
						LastSwiftMigration = 1520;
					};
				};
			};
			buildConfigurationList = C8CA407B2ECBE72900259113 /* Build configuration list for PBXProject "MoviesFeed" */;
			compatibilityVersion = "Xcode 14.0";
			developmentRegion = en;
			hasScannedForEncodings = 0;
			knownRegions = (
				en,
				Base,
				de,
				uk,
				ru,
			);
			mainGroup = C8CA40772ECBE72900259113;
			productRefGroup = C8CA40812ECBE72900259113 /* Products */;
			projectDirPath = "";
			projectRoot = "";
			targets = (
				C8CA40B12ECBE87200259113 /* MoviesFeed */,
				C8AE8F522ECD035D0043DA0A /* MoviesFeedTests */,
				C8AE8FB82ECD08F90043DA0A /* MoviesFeediOS */,
				C8AE8FE42ECE55570043DA0A /* MoviesFeedAPIEndToEndTests */,
			);
		};
/* End PBXProject section */

/* Begin PBXResourcesBuildPhase section */
		C8AE8F512ECD035D0043DA0A /* Resources */ = {
			isa = PBXResourcesBuildPhase;
			buildActionMask = 2147483647;
			files = (
			);
			runOnlyForDeploymentPostprocessing = 0;
		};
		C8AE8FB72ECD08F90043DA0A /* Resources */ = {
			isa = PBXResourcesBuildPhase;
			buildActionMask = 2147483647;
			files = (
			);
			runOnlyForDeploymentPostprocessing = 0;
		};
		C8AE8FE32ECE55570043DA0A /* Resources */ = {
			isa = PBXResourcesBuildPhase;
			buildActionMask = 2147483647;
			files = (
			);
			runOnlyForDeploymentPostprocessing = 0;
		};
		C8CA40B02ECBE87200259113 /* Resources */ = {
			isa = PBXResourcesBuildPhase;
			buildActionMask = 2147483647;
			files = (
				C8BAC98E2ED2683F00285940 /* Shared.strings in Resources */,
			);
			runOnlyForDeploymentPostprocessing = 0;
		};
/* End PBXResourcesBuildPhase section */

/* Begin PBXSourcesBuildPhase section */
		C8AE8F4F2ECD035D0043DA0A /* Sources */ = {
			isa = PBXSourcesBuildPhase;
			buildActionMask = 2147483647;
			files = (
				C876240F2ED5B3CC007895EE /* SharedTestHelpers.swift in Sources */,
				C876240C2ED5B108007895EE /* URLSessionHTTPClientTests.swift in Sources */,
				C87624162ED5E506007895EE /* FeedEndpointTests.swift in Sources */,
				C876240A2ED5B0BA007895EE /* URLProtocolStub.swift in Sources */,
				C87624142ED5B55C007895EE /* FeedItemsMapperTests.swift in Sources */,
				C87624112ED5B434007895EE /* XCTestCase+MemoryLeakTracking.swift in Sources */,
			);
			runOnlyForDeploymentPostprocessing = 0;
		};
		C8AE8FB52ECD08F90043DA0A /* Sources */ = {
			isa = PBXSourcesBuildPhase;
			buildActionMask = 2147483647;
			files = (
				C87623E22ED36BCD007895EE /* LoadMoreViewModel.swift in Sources */,
				C8BAC9972ED3144C00285940 /* MoviesFeedUIState.swift in Sources */,
				C87623F02ED474B3007895EE /* MovieDetailsView.swift in Sources */,
				C87623FC2ED4971B007895EE /* MovieDetailsUIState.swift in Sources */,
				C8BAC9962ED313FE00285940 /* FeedMovieViewModel.swift in Sources */,
				C87624232ED620A7007895EE /* View+BottomError.swift in Sources */,
				C87624252ED620A7007895EE /* ErrorViewModel.swift in Sources */,
				C8BAC9A02ED3212D00285940 /* LoadMoreCell.swift in Sources */,
				C87623E02ED36BB7007895EE /* MoviePreviewModel.swift in Sources */,
				C87624022ED49E55007895EE /* MovieDetailVieModel.swift in Sources */,
				C8AE90022ECFB0B10043DA0A /* MovieCell.swift in Sources */,
				C8BAC9952ED3117200285940 /* CellController.swift in Sources */,
				C87623F22ED476D1007895EE /* MovieDetailViewViewModel.swift in Sources */,
				C87624242ED620A7007895EE /* BottomErrorView.swift in Sources */,
				C8BAC99D2ED3170200285940 /* LoadMoreCellController.swift in Sources */,
				C8BAC99B2ED3159200285940 /* FeedMovieCellController.swift in Sources */,
				C87624042ED4A20B007895EE /* DetailViewCell.swift in Sources */,
				C8AE8FF72ECFA7150043DA0A /* MovieFeedView.swift in Sources */,
				C87624002ED49D9B007895EE /* MovieDetailsController.swift in Sources */,
			);
			runOnlyForDeploymentPostprocessing = 0;
		};
		C8AE8FE12ECE55570043DA0A /* Sources */ = {
			isa = PBXSourcesBuildPhase;
			buildActionMask = 2147483647;
			files = (
				C8AE8FEF2ECE56290043DA0A /* MoviesFeedAPIEndToEndTests.swift in Sources */,
			);
			runOnlyForDeploymentPostprocessing = 0;
		};
		C8CA40AE2ECBE87200259113 /* Sources */ = {
			isa = PBXSourcesBuildPhase;
			buildActionMask = 2147483647;
			files = (
				C8BAC9622ED21CEC00285940 /* LoadResourcePresenter.swift in Sources */,
				C8AE8FF32ECE6CEC0043DA0A /* FeedEndpoint.swift in Sources */,
				C8BAC9792ED23CF400285940 /* FeedImageDataCache.swift in Sources */,
				C8AE8FF52ECFA09F0043DA0A /* FeedRequest.swift in Sources */,
				C8BAC9642ED21D1100285940 /* ResourceLoadingView.swift in Sources */,
				C8AE8F082ECCF7250043DA0A /* FeedLoader.swift in Sources */,
				C8BAC9A22ED3502900285940 /* LocalFeedPage.swift in Sources */,
				C8BAC9662ED21D2A00285940 /* ResourceLoadingViewModel.swift in Sources */,
				C87623E82ED3C567007895EE /* Query.swift in Sources */,
				C8BAC98B2ED261E800285940 /* FeedMovieDataMapper.swift in Sources */,
				C87624062ED4B1EA007895EE /* MovieDetailMapper.swift in Sources */,
				C8CA40CF2ECBE9E300259113 /* API.swift in Sources */,
				C87623EA2ED3C82B007895EE /* InMemorySearchFeedStore.swift in Sources */,
				C8BAC9772ED23C0200285940 /* FeedCache.swift in Sources */,
				C8BAC97D2ED23E8300285940 /* LocalFeedMovie.swift in Sources */,
				C8BAC9832ED2405500285940 /* FeedImageDataStore.swift in Sources */,
				C8BAC97B2ED23E3B00285940 /* FeedStore.swift in Sources */,
				C8AE8FD02ECD0EF20043DA0A /* HTTPClient.swift in Sources */,
				C8AE8FDD2ECD15C20043DA0A /* FeedItemsMapper.swift in Sources */,
				C8BAC9682ED21D4200285940 /* ResourceErrorView.swift in Sources */,
				C8BAC9752ED23BD700285940 /* LocalFeedLoader.swift in Sources */,
				C8BAC9892ED260B900285940 /* LocalFeedImageDataLoader.swift in Sources */,
				C8BAC96A2ED21D5A00285940 /* ResourceErrorViewModel.swift in Sources */,
				C8AE8FE02ECD16460043DA0A /* HTTPURLResponse.swift in Sources */,
				C87623F72ED494D3007895EE /* MovieDetail.swift in Sources */,
				C8BAC9812ED23FE400285940 /* InMemoryFeedStore.swift in Sources */,
				C8AE8FD62ECD139C0043DA0A /* FeedMovie.swift in Sources */,
				C8AE8FD32ECD0F850043DA0A /* URLSessionHTTPClient.swift in Sources */,
				C8BAC9702ED21F5100285940 /* FeedImageDataLoader.swift in Sources */,
				C87623F92ED4957D007895EE /* MovieDetailsEndpoint.swift in Sources */,
				C8BAC9872ED2538500285940 /* ImageEndpoint.swift in Sources */,
				C8AE8FF12ECE63850043DA0A /* Paginated.swift in Sources */,
			);
			runOnlyForDeploymentPostprocessing = 0;
		};
/* End PBXSourcesBuildPhase section */

/* Begin PBXTargetDependency section */
		C8AE8F592ECD035D0043DA0A /* PBXTargetDependency */ = {
			isa = PBXTargetDependency;
			target = C8CA40B12ECBE87200259113 /* MoviesFeed */;
			targetProxy = C8AE8F582ECD035D0043DA0A /* PBXContainerItemProxy */;
		};
		C8AE8FEB2ECE55570043DA0A /* PBXTargetDependency */ = {
			isa = PBXTargetDependency;
			target = C8CA40B12ECBE87200259113 /* MoviesFeed */;
			targetProxy = C8AE8FEA2ECE55570043DA0A /* PBXContainerItemProxy */;
		};
/* End PBXTargetDependency section */

/* Begin PBXVariantGroup section */
		C8BAC9902ED2683F00285940 /* Shared.strings */ = {
			isa = PBXVariantGroup;
			children = (
				C8BAC98F2ED2683F00285940 /* en */,
				C8BAC9912ED2688A00285940 /* de */,
				C8BAC9922ED2689F00285940 /* uk */,
				C8BAC9932ED268C000285940 /* ru */,
			);
			name = Shared.strings;
			sourceTree = "<group>";
		};
/* End PBXVariantGroup section */

/* Begin XCBuildConfiguration section */
		C8AE8F5B2ECD035D0043DA0A /* Debug */ = {
			isa = XCBuildConfiguration;
			buildSettings = {
				CODE_SIGN_STYLE = Automatic;
				CURRENT_PROJECT_VERSION = 1;
				DEVELOPMENT_TEAM = 9D83MC32AG;
				GENERATE_INFOPLIST_FILE = YES;
				MARKETING_VERSION = 1.0;
				PRODUCT_BUNDLE_IDENTIFIER = any.identifier.MoviesFeedTests;
				PRODUCT_NAME = "$(TARGET_NAME)";
				SUPPORTED_PLATFORMS = "iphoneos iphonesimulator macosx";
				SUPPORTS_MACCATALYST = NO;
				SUPPORTS_MAC_DESIGNED_FOR_IPHONE_IPAD = NO;
				SWIFT_EMIT_LOC_STRINGS = NO;
				SWIFT_VERSION = 5.0;
				TARGETED_DEVICE_FAMILY = 1;
			};
			name = Debug;
		};
		C8AE8F5C2ECD035D0043DA0A /* Release */ = {
			isa = XCBuildConfiguration;
			buildSettings = {
				CODE_SIGN_STYLE = Automatic;
				CURRENT_PROJECT_VERSION = 1;
				DEVELOPMENT_TEAM = 9D83MC32AG;
				GENERATE_INFOPLIST_FILE = YES;
				MARKETING_VERSION = 1.0;
				PRODUCT_BUNDLE_IDENTIFIER = any.identifier.MoviesFeedTests;
				PRODUCT_NAME = "$(TARGET_NAME)";
				SUPPORTED_PLATFORMS = "iphoneos iphonesimulator macosx";
				SUPPORTS_MACCATALYST = NO;
				SUPPORTS_MAC_DESIGNED_FOR_IPHONE_IPAD = NO;
				SWIFT_EMIT_LOC_STRINGS = NO;
				SWIFT_VERSION = 5.0;
				TARGETED_DEVICE_FAMILY = 1;
			};
			name = Release;
		};
		C8AE8FC92ECD08F90043DA0A /* Debug */ = {
			isa = XCBuildConfiguration;
			buildSettings = {
				CLANG_ENABLE_MODULES = YES;
				CODE_SIGN_STYLE = Automatic;
				CURRENT_PROJECT_VERSION = 1;
				DEFINES_MODULE = YES;
				DEVELOPMENT_TEAM = 9D83MC32AG;
				DYLIB_COMPATIBILITY_VERSION = 1;
				DYLIB_CURRENT_VERSION = 1;
				DYLIB_INSTALL_NAME_BASE = "@rpath";
				ENABLE_MODULE_VERIFIER = YES;
				GENERATE_INFOPLIST_FILE = YES;
				INFOPLIST_KEY_NSHumanReadableCopyright = "";
				INSTALL_PATH = "$(LOCAL_LIBRARY_DIR)/Frameworks";
				LD_RUNPATH_SEARCH_PATHS = (
					"$(inherited)",
					"@executable_path/Frameworks",
					"@loader_path/Frameworks",
				);
				MARKETING_VERSION = 1.0;
				MODULE_VERIFIER_SUPPORTED_LANGUAGES = "objective-c objective-c++";
				MODULE_VERIFIER_SUPPORTED_LANGUAGE_STANDARDS = "gnu17 gnu++20";
				PRODUCT_BUNDLE_IDENTIFIER = any.identifier.MoviesFeediOS;
				PRODUCT_NAME = "$(TARGET_NAME:c99extidentifier)";
				SKIP_INSTALL = YES;
				SWIFT_EMIT_LOC_STRINGS = YES;
				SWIFT_OPTIMIZATION_LEVEL = "-Onone";
				SWIFT_VERSION = 5.0;
				TARGETED_DEVICE_FAMILY = "1,2";
				VERSIONING_SYSTEM = "apple-generic";
				VERSION_INFO_PREFIX = "";
			};
			name = Debug;
		};
		C8AE8FCA2ECD08F90043DA0A /* Release */ = {
			isa = XCBuildConfiguration;
			buildSettings = {
				CLANG_ENABLE_MODULES = YES;
				CODE_SIGN_STYLE = Automatic;
				CURRENT_PROJECT_VERSION = 1;
				DEFINES_MODULE = YES;
				DEVELOPMENT_TEAM = 9D83MC32AG;
				DYLIB_COMPATIBILITY_VERSION = 1;
				DYLIB_CURRENT_VERSION = 1;
				DYLIB_INSTALL_NAME_BASE = "@rpath";
				ENABLE_MODULE_VERIFIER = YES;
				GENERATE_INFOPLIST_FILE = YES;
				INFOPLIST_KEY_NSHumanReadableCopyright = "";
				INSTALL_PATH = "$(LOCAL_LIBRARY_DIR)/Frameworks";
				LD_RUNPATH_SEARCH_PATHS = (
					"$(inherited)",
					"@executable_path/Frameworks",
					"@loader_path/Frameworks",
				);
				MARKETING_VERSION = 1.0;
				MODULE_VERIFIER_SUPPORTED_LANGUAGES = "objective-c objective-c++";
				MODULE_VERIFIER_SUPPORTED_LANGUAGE_STANDARDS = "gnu17 gnu++20";
				PRODUCT_BUNDLE_IDENTIFIER = any.identifier.MoviesFeediOS;
				PRODUCT_NAME = "$(TARGET_NAME:c99extidentifier)";
				SKIP_INSTALL = YES;
				SWIFT_EMIT_LOC_STRINGS = YES;
				SWIFT_VERSION = 5.0;
				TARGETED_DEVICE_FAMILY = "1,2";
				VERSIONING_SYSTEM = "apple-generic";
				VERSION_INFO_PREFIX = "";
			};
			name = Release;
		};
		C8AE8FED2ECE55570043DA0A /* Debug */ = {
			isa = XCBuildConfiguration;
			buildSettings = {
				CODE_SIGN_STYLE = Automatic;
				CURRENT_PROJECT_VERSION = 1;
				DEVELOPMENT_TEAM = 9D83MC32AG;
				GENERATE_INFOPLIST_FILE = YES;
				MARKETING_VERSION = 1.0;
				PRODUCT_BUNDLE_IDENTIFIER = any.identifier.MoviesFeedAPIEndToEndTests;
				PRODUCT_NAME = "$(TARGET_NAME)";
				SUPPORTED_PLATFORMS = "iphoneos iphonesimulator macosx";
				SUPPORTS_MACCATALYST = NO;
				SUPPORTS_MAC_DESIGNED_FOR_IPHONE_IPAD = NO;
				SUPPORTS_XR_DESIGNED_FOR_IPHONE_IPAD = NO;
				SWIFT_EMIT_LOC_STRINGS = NO;
				SWIFT_VERSION = 5.0;
				TARGETED_DEVICE_FAMILY = 1;
			};
			name = Debug;
		};
		C8AE8FEE2ECE55570043DA0A /* Release */ = {
			isa = XCBuildConfiguration;
			buildSettings = {
				CODE_SIGN_STYLE = Automatic;
				CURRENT_PROJECT_VERSION = 1;
				DEVELOPMENT_TEAM = 9D83MC32AG;
				GENERATE_INFOPLIST_FILE = YES;
				MARKETING_VERSION = 1.0;
				PRODUCT_BUNDLE_IDENTIFIER = any.identifier.MoviesFeedAPIEndToEndTests;
				PRODUCT_NAME = "$(TARGET_NAME)";
				SUPPORTED_PLATFORMS = "iphoneos iphonesimulator macosx";
				SUPPORTS_MACCATALYST = NO;
				SUPPORTS_MAC_DESIGNED_FOR_IPHONE_IPAD = NO;
				SUPPORTS_XR_DESIGNED_FOR_IPHONE_IPAD = NO;
				SWIFT_EMIT_LOC_STRINGS = NO;
				SWIFT_VERSION = 5.0;
				TARGETED_DEVICE_FAMILY = 1;
			};
			name = Release;
		};
		C8CA40A22ECBE72A00259113 /* Debug */ = {
			isa = XCBuildConfiguration;
			buildSettings = {
				ALWAYS_SEARCH_USER_PATHS = NO;
				ASSETCATALOG_COMPILER_GENERATE_SWIFT_ASSET_SYMBOL_EXTENSIONS = YES;
				CLANG_ANALYZER_LOCALIZABILITY_NONLOCALIZED = YES;
				CLANG_ANALYZER_NONNULL = YES;
				CLANG_ANALYZER_NUMBER_OBJECT_CONVERSION = YES_AGGRESSIVE;
				CLANG_CXX_LANGUAGE_STANDARD = "gnu++20";
				CLANG_ENABLE_MODULES = YES;
				CLANG_ENABLE_OBJC_ARC = YES;
				CLANG_ENABLE_OBJC_WEAK = YES;
				CLANG_WARN_BLOCK_CAPTURE_AUTORELEASING = YES;
				CLANG_WARN_BOOL_CONVERSION = YES;
				CLANG_WARN_COMMA = YES;
				CLANG_WARN_CONSTANT_CONVERSION = YES;
				CLANG_WARN_DEPRECATED_OBJC_IMPLEMENTATIONS = YES;
				CLANG_WARN_DIRECT_OBJC_ISA_USAGE = YES_ERROR;
				CLANG_WARN_DOCUMENTATION_COMMENTS = YES;
				CLANG_WARN_EMPTY_BODY = YES;
				CLANG_WARN_ENUM_CONVERSION = YES;
				CLANG_WARN_INFINITE_RECURSION = YES;
				CLANG_WARN_INT_CONVERSION = YES;
				CLANG_WARN_NON_LITERAL_NULL_CONVERSION = YES;
				CLANG_WARN_OBJC_IMPLICIT_RETAIN_SELF = YES;
				CLANG_WARN_OBJC_LITERAL_CONVERSION = YES;
				CLANG_WARN_OBJC_ROOT_CLASS = YES_ERROR;
				CLANG_WARN_QUOTED_INCLUDE_IN_FRAMEWORK_HEADER = YES;
				CLANG_WARN_RANGE_LOOP_ANALYSIS = YES;
				CLANG_WARN_STRICT_PROTOTYPES = YES;
				CLANG_WARN_SUSPICIOUS_MOVE = YES;
				CLANG_WARN_UNGUARDED_AVAILABILITY = YES_AGGRESSIVE;
				CLANG_WARN_UNREACHABLE_CODE = YES;
				CLANG_WARN__DUPLICATE_METHOD_MATCH = YES;
				COPY_PHASE_STRIP = NO;
				DEBUG_INFORMATION_FORMAT = dwarf;
				ENABLE_STRICT_OBJC_MSGSEND = YES;
				ENABLE_TESTABILITY = YES;
				ENABLE_USER_SCRIPT_SANDBOXING = YES;
				GCC_C_LANGUAGE_STANDARD = gnu17;
				GCC_DYNAMIC_NO_PIC = NO;
				GCC_NO_COMMON_BLOCKS = YES;
				GCC_OPTIMIZATION_LEVEL = 0;
				GCC_PREPROCESSOR_DEFINITIONS = (
					"DEBUG=1",
					"$(inherited)",
				);
				GCC_WARN_64_TO_32_BIT_CONVERSION = YES;
				GCC_WARN_ABOUT_RETURN_TYPE = YES_ERROR;
				GCC_WARN_UNDECLARED_SELECTOR = YES;
				GCC_WARN_UNINITIALIZED_AUTOS = YES_AGGRESSIVE;
				GCC_WARN_UNUSED_FUNCTION = YES;
				GCC_WARN_UNUSED_VARIABLE = YES;
				IPHONEOS_DEPLOYMENT_TARGET = 17.2;
				LOCALIZATION_PREFERS_STRING_CATALOGS = YES;
				MTL_ENABLE_DEBUG_INFO = INCLUDE_SOURCE;
				MTL_FAST_MATH = YES;
				ONLY_ACTIVE_ARCH = YES;
				SDKROOT = iphoneos;
				SWIFT_ACTIVE_COMPILATION_CONDITIONS = "DEBUG $(inherited)";
				SWIFT_OPTIMIZATION_LEVEL = "-Onone";
				TMDB_API_KEY = 4737a08fac38683031b99ef6e5ca184a;
			};
			name = Debug;
		};
		C8CA40A32ECBE72A00259113 /* Release */ = {
			isa = XCBuildConfiguration;
			buildSettings = {
				ALWAYS_SEARCH_USER_PATHS = NO;
				ASSETCATALOG_COMPILER_GENERATE_SWIFT_ASSET_SYMBOL_EXTENSIONS = YES;
				CLANG_ANALYZER_LOCALIZABILITY_NONLOCALIZED = YES;
				CLANG_ANALYZER_NONNULL = YES;
				CLANG_ANALYZER_NUMBER_OBJECT_CONVERSION = YES_AGGRESSIVE;
				CLANG_CXX_LANGUAGE_STANDARD = "gnu++20";
				CLANG_ENABLE_MODULES = YES;
				CLANG_ENABLE_OBJC_ARC = YES;
				CLANG_ENABLE_OBJC_WEAK = YES;
				CLANG_WARN_BLOCK_CAPTURE_AUTORELEASING = YES;
				CLANG_WARN_BOOL_CONVERSION = YES;
				CLANG_WARN_COMMA = YES;
				CLANG_WARN_CONSTANT_CONVERSION = YES;
				CLANG_WARN_DEPRECATED_OBJC_IMPLEMENTATIONS = YES;
				CLANG_WARN_DIRECT_OBJC_ISA_USAGE = YES_ERROR;
				CLANG_WARN_DOCUMENTATION_COMMENTS = YES;
				CLANG_WARN_EMPTY_BODY = YES;
				CLANG_WARN_ENUM_CONVERSION = YES;
				CLANG_WARN_INFINITE_RECURSION = YES;
				CLANG_WARN_INT_CONVERSION = YES;
				CLANG_WARN_NON_LITERAL_NULL_CONVERSION = YES;
				CLANG_WARN_OBJC_IMPLICIT_RETAIN_SELF = YES;
				CLANG_WARN_OBJC_LITERAL_CONVERSION = YES;
				CLANG_WARN_OBJC_ROOT_CLASS = YES_ERROR;
				CLANG_WARN_QUOTED_INCLUDE_IN_FRAMEWORK_HEADER = YES;
				CLANG_WARN_RANGE_LOOP_ANALYSIS = YES;
				CLANG_WARN_STRICT_PROTOTYPES = YES;
				CLANG_WARN_SUSPICIOUS_MOVE = YES;
				CLANG_WARN_UNGUARDED_AVAILABILITY = YES_AGGRESSIVE;
				CLANG_WARN_UNREACHABLE_CODE = YES;
				CLANG_WARN__DUPLICATE_METHOD_MATCH = YES;
				COPY_PHASE_STRIP = NO;
				DEBUG_INFORMATION_FORMAT = "dwarf-with-dsym";
				ENABLE_NS_ASSERTIONS = NO;
				ENABLE_STRICT_OBJC_MSGSEND = YES;
				ENABLE_USER_SCRIPT_SANDBOXING = YES;
				GCC_C_LANGUAGE_STANDARD = gnu17;
				GCC_NO_COMMON_BLOCKS = YES;
				GCC_WARN_64_TO_32_BIT_CONVERSION = YES;
				GCC_WARN_ABOUT_RETURN_TYPE = YES_ERROR;
				GCC_WARN_UNDECLARED_SELECTOR = YES;
				GCC_WARN_UNINITIALIZED_AUTOS = YES_AGGRESSIVE;
				GCC_WARN_UNUSED_FUNCTION = YES;
				GCC_WARN_UNUSED_VARIABLE = YES;
				IPHONEOS_DEPLOYMENT_TARGET = 17.2;
				LOCALIZATION_PREFERS_STRING_CATALOGS = YES;
				MTL_ENABLE_DEBUG_INFO = NO;
				MTL_FAST_MATH = YES;
				SDKROOT = iphoneos;
				SWIFT_COMPILATION_MODE = wholemodule;
				TMDB_API_KEY = 4737a08fac38683031b99ef6e5ca184a;
				VALIDATE_PRODUCT = YES;
			};
			name = Release;
		};
		C8CA40C82ECBE87300259113 /* Debug */ = {
			isa = XCBuildConfiguration;
			buildSettings = {
				CLANG_ENABLE_MODULES = YES;
				CODE_SIGN_STYLE = Automatic;
				CURRENT_PROJECT_VERSION = 1;
				DEFINES_MODULE = YES;
				DEVELOPMENT_TEAM = 9D83MC32AG;
				DYLIB_COMPATIBILITY_VERSION = 1;
				DYLIB_CURRENT_VERSION = 1;
				DYLIB_INSTALL_NAME_BASE = "@rpath";
				ENABLE_MODULE_VERIFIER = YES;
				GENERATE_INFOPLIST_FILE = YES;
				INFOPLIST_KEY_NSHumanReadableCopyright = "";
				INSTALL_PATH = "$(LOCAL_LIBRARY_DIR)/Frameworks";
				LD_RUNPATH_SEARCH_PATHS = (
					"$(inherited)",
					"@executable_path/Frameworks",
					"@loader_path/Frameworks",
				);
				MARKETING_VERSION = 1.0;
				MODULE_VERIFIER_SUPPORTED_LANGUAGES = "objective-c objective-c++";
				MODULE_VERIFIER_SUPPORTED_LANGUAGE_STANDARDS = "gnu17 gnu++20";
				PRODUCT_BUNDLE_IDENTIFIER = any.identifier.DataLayerFramework;
				PRODUCT_NAME = "$(TARGET_NAME:c99extidentifier)";
				SKIP_INSTALL = YES;
				SUPPORTED_PLATFORMS = "iphoneos iphonesimulator macosx";
				SUPPORTS_MACCATALYST = NO;
				SUPPORTS_MAC_DESIGNED_FOR_IPHONE_IPAD = NO;
				SUPPORTS_XR_DESIGNED_FOR_IPHONE_IPAD = NO;
				SWIFT_EMIT_LOC_STRINGS = YES;
				SWIFT_OPTIMIZATION_LEVEL = "-Onone";
				SWIFT_VERSION = 5.0;
				TARGETED_DEVICE_FAMILY = 1;
				VERSIONING_SYSTEM = "apple-generic";
				VERSION_INFO_PREFIX = "";
			};
			name = Debug;
		};
		C8CA40C92ECBE87300259113 /* Release */ = {
			isa = XCBuildConfiguration;
			buildSettings = {
				CLANG_ENABLE_MODULES = YES;
				CODE_SIGN_STYLE = Automatic;
				CURRENT_PROJECT_VERSION = 1;
				DEFINES_MODULE = YES;
				DEVELOPMENT_TEAM = 9D83MC32AG;
				DYLIB_COMPATIBILITY_VERSION = 1;
				DYLIB_CURRENT_VERSION = 1;
				DYLIB_INSTALL_NAME_BASE = "@rpath";
				ENABLE_MODULE_VERIFIER = YES;
				GENERATE_INFOPLIST_FILE = YES;
				INFOPLIST_KEY_NSHumanReadableCopyright = "";
				INSTALL_PATH = "$(LOCAL_LIBRARY_DIR)/Frameworks";
				LD_RUNPATH_SEARCH_PATHS = (
					"$(inherited)",
					"@executable_path/Frameworks",
					"@loader_path/Frameworks",
				);
				MARKETING_VERSION = 1.0;
				MODULE_VERIFIER_SUPPORTED_LANGUAGES = "objective-c objective-c++";
				MODULE_VERIFIER_SUPPORTED_LANGUAGE_STANDARDS = "gnu17 gnu++20";
				PRODUCT_BUNDLE_IDENTIFIER = any.identifier.DataLayerFramework;
				PRODUCT_NAME = "$(TARGET_NAME:c99extidentifier)";
				SKIP_INSTALL = YES;
				SUPPORTED_PLATFORMS = "iphoneos iphonesimulator macosx";
				SUPPORTS_MACCATALYST = NO;
				SUPPORTS_MAC_DESIGNED_FOR_IPHONE_IPAD = NO;
				SUPPORTS_XR_DESIGNED_FOR_IPHONE_IPAD = NO;
				SWIFT_EMIT_LOC_STRINGS = YES;
				SWIFT_VERSION = 5.0;
				TARGETED_DEVICE_FAMILY = 1;
				VERSIONING_SYSTEM = "apple-generic";
				VERSION_INFO_PREFIX = "";
			};
			name = Release;
		};
/* End XCBuildConfiguration section */

/* Begin XCConfigurationList section */
		C8AE8F5A2ECD035D0043DA0A /* Build configuration list for PBXNativeTarget "MoviesFeedTests" */ = {
			isa = XCConfigurationList;
			buildConfigurations = (
				C8AE8F5B2ECD035D0043DA0A /* Debug */,
				C8AE8F5C2ECD035D0043DA0A /* Release */,
			);
			defaultConfigurationIsVisible = 0;
			defaultConfigurationName = Release;
		};
		C8AE8FC82ECD08F90043DA0A /* Build configuration list for PBXNativeTarget "MoviesFeediOS" */ = {
			isa = XCConfigurationList;
			buildConfigurations = (
				C8AE8FC92ECD08F90043DA0A /* Debug */,
				C8AE8FCA2ECD08F90043DA0A /* Release */,
			);
			defaultConfigurationIsVisible = 0;
			defaultConfigurationName = Release;
		};
		C8AE8FEC2ECE55570043DA0A /* Build configuration list for PBXNativeTarget "MoviesFeedAPIEndToEndTests" */ = {
			isa = XCConfigurationList;
			buildConfigurations = (
				C8AE8FED2ECE55570043DA0A /* Debug */,
				C8AE8FEE2ECE55570043DA0A /* Release */,
			);
			defaultConfigurationIsVisible = 0;
			defaultConfigurationName = Release;
		};
		C8CA407B2ECBE72900259113 /* Build configuration list for PBXProject "MoviesFeed" */ = {
			isa = XCConfigurationList;
			buildConfigurations = (
				C8CA40A22ECBE72A00259113 /* Debug */,
				C8CA40A32ECBE72A00259113 /* Release */,
			);
			defaultConfigurationIsVisible = 0;
			defaultConfigurationName = Release;
		};
		C8CA40C72ECBE87300259113 /* Build configuration list for PBXNativeTarget "MoviesFeed" */ = {
			isa = XCConfigurationList;
			buildConfigurations = (
				C8CA40C82ECBE87300259113 /* Debug */,
				C8CA40C92ECBE87300259113 /* Release */,
			);
			defaultConfigurationIsVisible = 0;
			defaultConfigurationName = Release;
		};
/* End XCConfigurationList section */
	};
	rootObject = C8CA40782ECBE72900259113 /* Project object */;
}
